// !$*UTF8*$!
{
	archiveVersion = 1;
	classes = {
	};
	objectVersion = 50;
	objects = {

/* Begin PBXBuildFile section */
		480E55F0229BEE6F0031BDF7 /* UITableView-Template.swift in Sources */ = {isa = PBXBuildFile; fileRef = 480E55EC229BEE6F0031BDF7 /* UITableView-Template.swift */; };
		480E55F1229BEE6F0031BDF7 /* UIView-Template.swift in Sources */ = {isa = PBXBuildFile; fileRef = 480E55ED229BEE6F0031BDF7 /* UIView-Template.swift */; };
		480E55F2229BEE6F0031BDF7 /* UIColor-Template.swift in Sources */ = {isa = PBXBuildFile; fileRef = 480E55EE229BEE6F0031BDF7 /* UIColor-Template.swift */; };
		480E55F3229BEE6F0031BDF7 /* UICollectionView-Template.swift in Sources */ = {isa = PBXBuildFile; fileRef = 480E55EF229BEE6F0031BDF7 /* UICollectionView-Template.swift */; };
		480E55F6229BEEF20031BDF7 /* ReusableView.swift in Sources */ = {isa = PBXBuildFile; fileRef = 480E55F5229BEEF20031BDF7 /* ReusableView.swift */; };
		480E55FA229BEF430031BDF7 /* Collection-Template.swift in Sources */ = {isa = PBXBuildFile; fileRef = 480E55F9229BEF430031BDF7 /* Collection-Template.swift */; };
		480E55FC229BEF550031BDF7 /* URL-System.swift in Sources */ = {isa = PBXBuildFile; fileRef = 480E55FB229BEF550031BDF7 /* URL-System.swift */; };
		480E55FE229BEF860031BDF7 /* Bundle-System.swift in Sources */ = {isa = PBXBuildFile; fileRef = 480E55FD229BEF860031BDF7 /* Bundle-System.swift */; };
		480E5600229BEFC20031BDF7 /* AttributedStringBuilder.swift in Sources */ = {isa = PBXBuildFile; fileRef = 480E55FF229BEFC20031BDF7 /* AttributedStringBuilder.swift */; };
		480E5603229BEFE20031BDF7 /* BroadcastObjectWrapper.swift in Sources */ = {isa = PBXBuildFile; fileRef = 480E5601229BEFE20031BDF7 /* BroadcastObjectWrapper.swift */; };
		480E5604229BEFE20031BDF7 /* Broadcast.swift in Sources */ = {isa = PBXBuildFile; fileRef = 480E5602229BEFE20031BDF7 /* Broadcast.swift */; };
		480E5639229BF2B40031BDF7 /* Networking.framework in Frameworks */ = {isa = PBXBuildFile; fileRef = 480E5630229BF2B40031BDF7 /* Networking.framework */; };
		480E5640229BF2B40031BDF7 /* NetworkingTests.swift in Sources */ = {isa = PBXBuildFile; fileRef = 480E563F229BF2B40031BDF7 /* NetworkingTests.swift */; };
		480E5642229BF2B40031BDF7 /* Networking.h in Headers */ = {isa = PBXBuildFile; fileRef = 480E5632229BF2B40031BDF7 /* Networking.h */; settings = {ATTRIBUTES = (Public, ); }; };
		480E5645229BF2B40031BDF7 /* Networking.framework in Frameworks */ = {isa = PBXBuildFile; fileRef = 480E5630229BF2B40031BDF7 /* Networking.framework */; };
		480E5646229BF2B40031BDF7 /* Networking.framework in Embed Frameworks */ = {isa = PBXBuildFile; fileRef = 480E5630229BF2B40031BDF7 /* Networking.framework */; settings = {ATTRIBUTES = (CodeSignOnCopy, RemoveHeadersOnCopy, ); }; };
		480E5653229BF3790031BDF7 /* Model.framework in Frameworks */ = {isa = PBXBuildFile; fileRef = 4822018322982413003319F0 /* Model.framework */; };
		480E5654229BF37C0031BDF7 /* System.framework in Frameworks */ = {isa = PBXBuildFile; fileRef = 482201A822982422003319F0 /* System.framework */; };
		480E5667229BFF0B0031BDF7 /* Localizable.strings in Resources */ = {isa = PBXBuildFile; fileRef = 480E5666229BFF0B0031BDF7 /* Localizable.strings */; };
		480E5689229C04BD0031BDF7 /* ExampleContentView.swift in Sources */ = {isa = PBXBuildFile; fileRef = 480E5683229C04BD0031BDF7 /* ExampleContentView.swift */; };
		480E568A229C04BD0031BDF7 /* ExamplePresenter.swift in Sources */ = {isa = PBXBuildFile; fileRef = 480E5684229C04BD0031BDF7 /* ExamplePresenter.swift */; };
		480E568B229C04BD0031BDF7 /* ExampleRouter.swift in Sources */ = {isa = PBXBuildFile; fileRef = 480E5685229C04BD0031BDF7 /* ExampleRouter.swift */; };
		480E568C229C04BD0031BDF7 /* ExampleViewController.swift in Sources */ = {isa = PBXBuildFile; fileRef = 480E5686229C04BD0031BDF7 /* ExampleViewController.swift */; };
		480E568E229C04BD0031BDF7 /* ExampleInteractor.swift in Sources */ = {isa = PBXBuildFile; fileRef = 480E5688229C04BD0031BDF7 /* ExampleInteractor.swift */; };
		480E5692229C05F10031BDF7 /* ExampleTodosWorker.swift in Sources */ = {isa = PBXBuildFile; fileRef = 480E5691229C05F10031BDF7 /* ExampleTodosWorker.swift */; };
		480E56BB229C14970031BDF7 /* ExampleNavigationContentView.swift in Sources */ = {isa = PBXBuildFile; fileRef = 480E56B6229C14970031BDF7 /* ExampleNavigationContentView.swift */; };
		480E56BC229C14970031BDF7 /* ExampleNavigationPresenter.swift in Sources */ = {isa = PBXBuildFile; fileRef = 480E56B7229C14970031BDF7 /* ExampleNavigationPresenter.swift */; };
		480E56BD229C14970031BDF7 /* ExampleNavigationRouter.swift in Sources */ = {isa = PBXBuildFile; fileRef = 480E56B8229C14970031BDF7 /* ExampleNavigationRouter.swift */; };
		480E56BE229C14970031BDF7 /* ExampleNavigationViewController.swift in Sources */ = {isa = PBXBuildFile; fileRef = 480E56B9229C14970031BDF7 /* ExampleNavigationViewController.swift */; };
		480E56BF229C14970031BDF7 /* ExampleNavigationInteractor.swift in Sources */ = {isa = PBXBuildFile; fileRef = 480E56BA229C14970031BDF7 /* ExampleNavigationInteractor.swift */; };
		4822014522982175003319F0 /* TemplateApp.swift in Sources */ = {isa = PBXBuildFile; fileRef = 4822014422982175003319F0 /* TemplateApp.swift */; };
		4822014C22982175003319F0 /* Assets.xcassets in Resources */ = {isa = PBXBuildFile; fileRef = 4822014B22982175003319F0 /* Assets.xcassets */; };
		4822015A22982175003319F0 /* TemplateTests.swift in Sources */ = {isa = PBXBuildFile; fileRef = 4822015922982175003319F0 /* TemplateTests.swift */; };
		4822016E2298225D003319F0 /* Default-release.xcconfig in Resources */ = {isa = PBXBuildFile; fileRef = 4822016B2298225D003319F0 /* Default-release.xcconfig */; };
		4822016F2298225D003319F0 /* Default-staging.xcconfig in Resources */ = {isa = PBXBuildFile; fileRef = 4822016C2298225D003319F0 /* Default-staging.xcconfig */; };
		482201702298225D003319F0 /* Default-debug.xcconfig in Resources */ = {isa = PBXBuildFile; fileRef = 4822016D2298225D003319F0 /* Default-debug.xcconfig */; };
		4822018C22982413003319F0 /* Model.framework in Frameworks */ = {isa = PBXBuildFile; fileRef = 4822018322982413003319F0 /* Model.framework */; };
		4822019322982413003319F0 /* ModelTests.swift in Sources */ = {isa = PBXBuildFile; fileRef = 4822019222982413003319F0 /* ModelTests.swift */; };
		4822019522982413003319F0 /* Model.h in Headers */ = {isa = PBXBuildFile; fileRef = 4822018522982413003319F0 /* Model.h */; settings = {ATTRIBUTES = (Public, ); }; };
		4822019822982413003319F0 /* Model.framework in Frameworks */ = {isa = PBXBuildFile; fileRef = 4822018322982413003319F0 /* Model.framework */; };
		4822019922982413003319F0 /* Model.framework in Embed Frameworks */ = {isa = PBXBuildFile; fileRef = 4822018322982413003319F0 /* Model.framework */; settings = {ATTRIBUTES = (CodeSignOnCopy, RemoveHeadersOnCopy, ); }; };
		482201B122982422003319F0 /* System.framework in Frameworks */ = {isa = PBXBuildFile; fileRef = 482201A822982422003319F0 /* System.framework */; };
		482201B822982422003319F0 /* SystemTests.swift in Sources */ = {isa = PBXBuildFile; fileRef = 482201B722982422003319F0 /* SystemTests.swift */; };
		482201BA22982422003319F0 /* System.h in Headers */ = {isa = PBXBuildFile; fileRef = 482201AA22982422003319F0 /* System.h */; settings = {ATTRIBUTES = (Public, ); }; };
		482201BD22982422003319F0 /* System.framework in Frameworks */ = {isa = PBXBuildFile; fileRef = 482201A822982422003319F0 /* System.framework */; };
		482201BE22982422003319F0 /* System.framework in Embed Frameworks */ = {isa = PBXBuildFile; fileRef = 482201A822982422003319F0 /* System.framework */; settings = {ATTRIBUTES = (CodeSignOnCopy, RemoveHeadersOnCopy, ); }; };
		482201CF2298252D003319F0 /* LaunchScreen.storyboard in Resources */ = {isa = PBXBuildFile; fileRef = 482201CE2298252D003319F0 /* LaunchScreen.storyboard */; };
		488240552349447000CB6FFE /* SectionProtocol.swift in Sources */ = {isa = PBXBuildFile; fileRef = 488240532349447000CB6FFE /* SectionProtocol.swift */; };
		488240562349447000CB6FFE /* DataSourceProtocol.swift in Sources */ = {isa = PBXBuildFile; fileRef = 488240542349447000CB6FFE /* DataSourceProtocol.swift */; };
		4882405D234945A300CB6FFE /* StartupProcess.swift in Sources */ = {isa = PBXBuildFile; fileRef = 4882405B234945A200CB6FFE /* StartupProcess.swift */; };
		4882405E234945A300CB6FFE /* StartupProcessService.swift in Sources */ = {isa = PBXBuildFile; fileRef = 4882405C234945A300CB6FFE /* StartupProcessService.swift */; };
		48824060234945B500CB6FFE /* SimpleLogger.swift in Sources */ = {isa = PBXBuildFile; fileRef = 4882405F234945B500CB6FFE /* SimpleLogger.swift */; };
		48824064234945D000CB6FFE /* Asset.swift in Sources */ = {isa = PBXBuildFile; fileRef = 48824061234945CF00CB6FFE /* Asset.swift */; };
		48824065234945D000CB6FFE /* ColorAsset.swift in Sources */ = {isa = PBXBuildFile; fileRef = 48824062234945CF00CB6FFE /* ColorAsset.swift */; };
		48824066234945D000CB6FFE /* ImageAsset.swift in Sources */ = {isa = PBXBuildFile; fileRef = 48824063234945D000CB6FFE /* ImageAsset.swift */; };
		4882406A2349464B00CB6FFE /* Environment.swift in Sources */ = {isa = PBXBuildFile; fileRef = 488240682349464A00CB6FFE /* Environment.swift */; };
		4882406B2349464B00CB6FFE /* Global.swift in Sources */ = {isa = PBXBuildFile; fileRef = 488240692349464B00CB6FFE /* Global.swift */; };
		4882406E2349466C00CB6FFE /* KeyboardObserver.swift in Sources */ = {isa = PBXBuildFile; fileRef = 4882406D2349466C00CB6FFE /* KeyboardObserver.swift */; };
		488240702349468B00CB6FFE /* TaskThrottler.swift in Sources */ = {isa = PBXBuildFile; fileRef = 4882406F2349468B00CB6FFE /* TaskThrottler.swift */; };
		488240722349469C00CB6FFE /* PropertyWrappers.swift in Sources */ = {isa = PBXBuildFile; fileRef = 488240712349469C00CB6FFE /* PropertyWrappers.swift */; };
		488240812349471A00CB6FFE /* Localization.framework in Frameworks */ = {isa = PBXBuildFile; fileRef = 488240782349471A00CB6FFE /* Localization.framework */; };
		488240882349471A00CB6FFE /* LocalizationTests.swift in Sources */ = {isa = PBXBuildFile; fileRef = 488240872349471A00CB6FFE /* LocalizationTests.swift */; };
		4882408A2349471A00CB6FFE /* Localization.h in Headers */ = {isa = PBXBuildFile; fileRef = 4882407A2349471A00CB6FFE /* Localization.h */; settings = {ATTRIBUTES = (Public, ); }; };
		4882408D2349471A00CB6FFE /* Localization.framework in Frameworks */ = {isa = PBXBuildFile; fileRef = 488240782349471A00CB6FFE /* Localization.framework */; };
		4882408E2349471A00CB6FFE /* Localization.framework in Embed Frameworks */ = {isa = PBXBuildFile; fileRef = 488240782349471A00CB6FFE /* Localization.framework */; settings = {ATTRIBUTES = (CodeSignOnCopy, RemoveHeadersOnCopy, ); }; };
		4882409A2349473A00CB6FFE /* LocalizationAsset.swift in Sources */ = {isa = PBXBuildFile; fileRef = 488240992349473A00CB6FFE /* LocalizationAsset.swift */; };
		4882409E2349482E00CB6FFE /* System.framework in Embed Frameworks */ = {isa = PBXBuildFile; fileRef = 482201A822982422003319F0 /* System.framework */; settings = {ATTRIBUTES = (CodeSignOnCopy, RemoveHeadersOnCopy, ); }; };
		488240A42349492E00CB6FFE /* System.framework in Frameworks */ = {isa = PBXBuildFile; fileRef = 482201A822982422003319F0 /* System.framework */; };
/* End PBXBuildFile section */

/* Begin PBXContainerItemProxy section */
		480E563A229BF2B40031BDF7 /* PBXContainerItemProxy */ = {
			isa = PBXContainerItemProxy;
			containerPortal = 4822013922982175003319F0 /* Project object */;
			proxyType = 1;
			remoteGlobalIDString = 480E562F229BF2B40031BDF7;
			remoteInfo = Networking;
		};
		480E563C229BF2B40031BDF7 /* PBXContainerItemProxy */ = {
			isa = PBXContainerItemProxy;
			containerPortal = 4822013922982175003319F0 /* Project object */;
			proxyType = 1;
			remoteGlobalIDString = 4822014022982175003319F0;
			remoteInfo = Template;
		};
		480E5643229BF2B40031BDF7 /* PBXContainerItemProxy */ = {
			isa = PBXContainerItemProxy;
			containerPortal = 4822013922982175003319F0 /* Project object */;
			proxyType = 1;
			remoteGlobalIDString = 480E562F229BF2B40031BDF7;
			remoteInfo = Networking;
		};
		480E5650229BF3750031BDF7 /* PBXContainerItemProxy */ = {
			isa = PBXContainerItemProxy;
			containerPortal = 4822013922982175003319F0 /* Project object */;
			proxyType = 1;
			remoteGlobalIDString = 4822018222982413003319F0;
			remoteInfo = Model;
		};
		480E5655229BF37E0031BDF7 /* PBXContainerItemProxy */ = {
			isa = PBXContainerItemProxy;
			containerPortal = 4822013922982175003319F0 /* Project object */;
			proxyType = 1;
			remoteGlobalIDString = 482201A722982422003319F0;
			remoteInfo = System;
		};
		4822015622982175003319F0 /* PBXContainerItemProxy */ = {
			isa = PBXContainerItemProxy;
			containerPortal = 4822013922982175003319F0 /* Project object */;
			proxyType = 1;
			remoteGlobalIDString = 4822014022982175003319F0;
			remoteInfo = Template;
		};
		4822018D22982413003319F0 /* PBXContainerItemProxy */ = {
			isa = PBXContainerItemProxy;
			containerPortal = 4822013922982175003319F0 /* Project object */;
			proxyType = 1;
			remoteGlobalIDString = 4822018222982413003319F0;
			remoteInfo = Model;
		};
		4822018F22982413003319F0 /* PBXContainerItemProxy */ = {
			isa = PBXContainerItemProxy;
			containerPortal = 4822013922982175003319F0 /* Project object */;
			proxyType = 1;
			remoteGlobalIDString = 4822014022982175003319F0;
			remoteInfo = Template;
		};
		4822019622982413003319F0 /* PBXContainerItemProxy */ = {
			isa = PBXContainerItemProxy;
			containerPortal = 4822013922982175003319F0 /* Project object */;
			proxyType = 1;
			remoteGlobalIDString = 4822018222982413003319F0;
			remoteInfo = Model;
		};
		482201B222982422003319F0 /* PBXContainerItemProxy */ = {
			isa = PBXContainerItemProxy;
			containerPortal = 4822013922982175003319F0 /* Project object */;
			proxyType = 1;
			remoteGlobalIDString = 482201A722982422003319F0;
			remoteInfo = System;
		};
		482201B422982422003319F0 /* PBXContainerItemProxy */ = {
			isa = PBXContainerItemProxy;
			containerPortal = 4822013922982175003319F0 /* Project object */;
			proxyType = 1;
			remoteGlobalIDString = 4822014022982175003319F0;
			remoteInfo = Template;
		};
		482201BB22982422003319F0 /* PBXContainerItemProxy */ = {
			isa = PBXContainerItemProxy;
			containerPortal = 4822013922982175003319F0 /* Project object */;
			proxyType = 1;
			remoteGlobalIDString = 482201A722982422003319F0;
			remoteInfo = System;
		};
		488240822349471A00CB6FFE /* PBXContainerItemProxy */ = {
			isa = PBXContainerItemProxy;
			containerPortal = 4822013922982175003319F0 /* Project object */;
			proxyType = 1;
			remoteGlobalIDString = 488240772349471A00CB6FFE;
			remoteInfo = Localization;
		};
		488240842349471A00CB6FFE /* PBXContainerItemProxy */ = {
			isa = PBXContainerItemProxy;
			containerPortal = 4822013922982175003319F0 /* Project object */;
			proxyType = 1;
			remoteGlobalIDString = 4822014022982175003319F0;
			remoteInfo = Template;
		};
		4882408B2349471A00CB6FFE /* PBXContainerItemProxy */ = {
			isa = PBXContainerItemProxy;
			containerPortal = 4822013922982175003319F0 /* Project object */;
			proxyType = 1;
			remoteGlobalIDString = 488240772349471A00CB6FFE;
			remoteInfo = Localization;
		};
		488240A52349493200CB6FFE /* PBXContainerItemProxy */ = {
			isa = PBXContainerItemProxy;
			containerPortal = 4822013922982175003319F0 /* Project object */;
			proxyType = 1;
			remoteGlobalIDString = 482201A722982422003319F0;
			remoteInfo = System;
		};
/* End PBXContainerItemProxy section */

/* Begin PBXCopyFilesBuildPhase section */
		4822019E22982414003319F0 /* Embed Frameworks */ = {
			isa = PBXCopyFilesBuildPhase;
			buildActionMask = 2147483647;
			dstPath = "";
			dstSubfolderSpec = 10;
			files = (
				4822019922982413003319F0 /* Model.framework in Embed Frameworks */,
				482201BE22982422003319F0 /* System.framework in Embed Frameworks */,
				480E5646229BF2B40031BDF7 /* Networking.framework in Embed Frameworks */,
				4882408E2349471A00CB6FFE /* Localization.framework in Embed Frameworks */,
			);
			name = "Embed Frameworks";
			runOnlyForDeploymentPostprocessing = 0;
		};
		488240A12349482E00CB6FFE /* Embed Frameworks */ = {
			isa = PBXCopyFilesBuildPhase;
			buildActionMask = 2147483647;
			dstPath = "";
			dstSubfolderSpec = 10;
			files = (
				4882409E2349482E00CB6FFE /* System.framework in Embed Frameworks */,
			);
			name = "Embed Frameworks";
			runOnlyForDeploymentPostprocessing = 0;
		};
/* End PBXCopyFilesBuildPhase section */

/* Begin PBXFileReference section */
		480E55EC229BEE6F0031BDF7 /* UITableView-Template.swift */ = {isa = PBXFileReference; fileEncoding = 4; lastKnownFileType = sourcecode.swift; path = "UITableView-Template.swift"; sourceTree = "<group>"; };
		480E55ED229BEE6F0031BDF7 /* UIView-Template.swift */ = {isa = PBXFileReference; fileEncoding = 4; lastKnownFileType = sourcecode.swift; path = "UIView-Template.swift"; sourceTree = "<group>"; };
		480E55EE229BEE6F0031BDF7 /* UIColor-Template.swift */ = {isa = PBXFileReference; fileEncoding = 4; lastKnownFileType = sourcecode.swift; path = "UIColor-Template.swift"; sourceTree = "<group>"; };
		480E55EF229BEE6F0031BDF7 /* UICollectionView-Template.swift */ = {isa = PBXFileReference; fileEncoding = 4; lastKnownFileType = sourcecode.swift; path = "UICollectionView-Template.swift"; sourceTree = "<group>"; };
		480E55F5229BEEF20031BDF7 /* ReusableView.swift */ = {isa = PBXFileReference; fileEncoding = 4; lastKnownFileType = sourcecode.swift; path = ReusableView.swift; sourceTree = "<group>"; };
		480E55F9229BEF430031BDF7 /* Collection-Template.swift */ = {isa = PBXFileReference; fileEncoding = 4; lastKnownFileType = sourcecode.swift; path = "Collection-Template.swift"; sourceTree = "<group>"; };
		480E55FB229BEF550031BDF7 /* URL-System.swift */ = {isa = PBXFileReference; fileEncoding = 4; lastKnownFileType = sourcecode.swift; path = "URL-System.swift"; sourceTree = "<group>"; };
		480E55FD229BEF860031BDF7 /* Bundle-System.swift */ = {isa = PBXFileReference; fileEncoding = 4; lastKnownFileType = sourcecode.swift; path = "Bundle-System.swift"; sourceTree = "<group>"; };
		480E55FF229BEFC20031BDF7 /* AttributedStringBuilder.swift */ = {isa = PBXFileReference; fileEncoding = 4; lastKnownFileType = sourcecode.swift; path = AttributedStringBuilder.swift; sourceTree = "<group>"; };
		480E5601229BEFE20031BDF7 /* BroadcastObjectWrapper.swift */ = {isa = PBXFileReference; fileEncoding = 4; lastKnownFileType = sourcecode.swift; path = BroadcastObjectWrapper.swift; sourceTree = "<group>"; };
		480E5602229BEFE20031BDF7 /* Broadcast.swift */ = {isa = PBXFileReference; fileEncoding = 4; lastKnownFileType = sourcecode.swift; path = Broadcast.swift; sourceTree = "<group>"; };
		480E5630229BF2B40031BDF7 /* Networking.framework */ = {isa = PBXFileReference; explicitFileType = wrapper.framework; includeInIndex = 0; path = Networking.framework; sourceTree = BUILT_PRODUCTS_DIR; };
		480E5632229BF2B40031BDF7 /* Networking.h */ = {isa = PBXFileReference; lastKnownFileType = sourcecode.c.h; path = Networking.h; sourceTree = "<group>"; };
		480E5633229BF2B40031BDF7 /* Info.plist */ = {isa = PBXFileReference; lastKnownFileType = text.plist.xml; path = Info.plist; sourceTree = "<group>"; };
		480E5638229BF2B40031BDF7 /* NetworkingTests.xctest */ = {isa = PBXFileReference; explicitFileType = wrapper.cfbundle; includeInIndex = 0; path = NetworkingTests.xctest; sourceTree = BUILT_PRODUCTS_DIR; };
		480E563F229BF2B40031BDF7 /* NetworkingTests.swift */ = {isa = PBXFileReference; lastKnownFileType = sourcecode.swift; path = NetworkingTests.swift; sourceTree = "<group>"; };
		480E5641229BF2B40031BDF7 /* Info.plist */ = {isa = PBXFileReference; lastKnownFileType = text.plist.xml; path = Info.plist; sourceTree = "<group>"; };
		480E5666229BFF0B0031BDF7 /* Localizable.strings */ = {isa = PBXFileReference; lastKnownFileType = text.plist.strings; path = Localizable.strings; sourceTree = "<group>"; };
		480E5683229C04BD0031BDF7 /* ExampleContentView.swift */ = {isa = PBXFileReference; lastKnownFileType = sourcecode.swift; path = ExampleContentView.swift; sourceTree = "<group>"; };
		480E5684229C04BD0031BDF7 /* ExamplePresenter.swift */ = {isa = PBXFileReference; lastKnownFileType = sourcecode.swift; path = ExamplePresenter.swift; sourceTree = "<group>"; };
		480E5685229C04BD0031BDF7 /* ExampleRouter.swift */ = {isa = PBXFileReference; lastKnownFileType = sourcecode.swift; path = ExampleRouter.swift; sourceTree = "<group>"; };
		480E5686229C04BD0031BDF7 /* ExampleViewController.swift */ = {isa = PBXFileReference; lastKnownFileType = sourcecode.swift; path = ExampleViewController.swift; sourceTree = "<group>"; };
		480E5688229C04BD0031BDF7 /* ExampleInteractor.swift */ = {isa = PBXFileReference; lastKnownFileType = sourcecode.swift; path = ExampleInteractor.swift; sourceTree = "<group>"; };
		480E5691229C05F10031BDF7 /* ExampleTodosWorker.swift */ = {isa = PBXFileReference; lastKnownFileType = sourcecode.swift; path = ExampleTodosWorker.swift; sourceTree = "<group>"; };
		480E56B6229C14970031BDF7 /* ExampleNavigationContentView.swift */ = {isa = PBXFileReference; lastKnownFileType = sourcecode.swift; path = ExampleNavigationContentView.swift; sourceTree = "<group>"; };
		480E56B7229C14970031BDF7 /* ExampleNavigationPresenter.swift */ = {isa = PBXFileReference; lastKnownFileType = sourcecode.swift; path = ExampleNavigationPresenter.swift; sourceTree = "<group>"; };
		480E56B8229C14970031BDF7 /* ExampleNavigationRouter.swift */ = {isa = PBXFileReference; lastKnownFileType = sourcecode.swift; path = ExampleNavigationRouter.swift; sourceTree = "<group>"; };
		480E56B9229C14970031BDF7 /* ExampleNavigationViewController.swift */ = {isa = PBXFileReference; lastKnownFileType = sourcecode.swift; path = ExampleNavigationViewController.swift; sourceTree = "<group>"; };
		480E56BA229C14970031BDF7 /* ExampleNavigationInteractor.swift */ = {isa = PBXFileReference; lastKnownFileType = sourcecode.swift; path = ExampleNavigationInteractor.swift; sourceTree = "<group>"; };
		4822014122982175003319F0 /* Template.app */ = {isa = PBXFileReference; explicitFileType = wrapper.application; includeInIndex = 0; path = Template.app; sourceTree = BUILT_PRODUCTS_DIR; };
		4822014422982175003319F0 /* TemplateApp.swift */ = {isa = PBXFileReference; lastKnownFileType = sourcecode.swift; path = TemplateApp.swift; sourceTree = "<group>"; };
		4822014B22982175003319F0 /* Assets.xcassets */ = {isa = PBXFileReference; lastKnownFileType = folder.assetcatalog; path = Assets.xcassets; sourceTree = "<group>"; };
		4822015022982175003319F0 /* Info.plist */ = {isa = PBXFileReference; lastKnownFileType = text.plist.xml; path = Info.plist; sourceTree = "<group>"; };
		4822015522982175003319F0 /* TemplateTests.xctest */ = {isa = PBXFileReference; explicitFileType = wrapper.cfbundle; includeInIndex = 0; path = TemplateTests.xctest; sourceTree = BUILT_PRODUCTS_DIR; };
		4822015922982175003319F0 /* TemplateTests.swift */ = {isa = PBXFileReference; lastKnownFileType = sourcecode.swift; path = TemplateTests.swift; sourceTree = "<group>"; };
		4822015B22982175003319F0 /* Info.plist */ = {isa = PBXFileReference; lastKnownFileType = text.plist.xml; path = Info.plist; sourceTree = "<group>"; };
		4822016B2298225D003319F0 /* Default-release.xcconfig */ = {isa = PBXFileReference; fileEncoding = 4; lastKnownFileType = text.xcconfig; path = "Default-release.xcconfig"; sourceTree = "<group>"; };
		4822016C2298225D003319F0 /* Default-staging.xcconfig */ = {isa = PBXFileReference; fileEncoding = 4; lastKnownFileType = text.xcconfig; path = "Default-staging.xcconfig"; sourceTree = "<group>"; };
		4822016D2298225D003319F0 /* Default-debug.xcconfig */ = {isa = PBXFileReference; fileEncoding = 4; lastKnownFileType = text.xcconfig; path = "Default-debug.xcconfig"; sourceTree = "<group>"; };
		4822018322982413003319F0 /* Model.framework */ = {isa = PBXFileReference; explicitFileType = wrapper.framework; includeInIndex = 0; path = Model.framework; sourceTree = BUILT_PRODUCTS_DIR; };
		4822018522982413003319F0 /* Model.h */ = {isa = PBXFileReference; lastKnownFileType = sourcecode.c.h; path = Model.h; sourceTree = "<group>"; };
		4822018622982413003319F0 /* Info.plist */ = {isa = PBXFileReference; lastKnownFileType = text.plist.xml; path = Info.plist; sourceTree = "<group>"; };
		4822018B22982413003319F0 /* ModelTests.xctest */ = {isa = PBXFileReference; explicitFileType = wrapper.cfbundle; includeInIndex = 0; path = ModelTests.xctest; sourceTree = BUILT_PRODUCTS_DIR; };
		4822019222982413003319F0 /* ModelTests.swift */ = {isa = PBXFileReference; lastKnownFileType = sourcecode.swift; path = ModelTests.swift; sourceTree = "<group>"; };
		4822019422982413003319F0 /* Info.plist */ = {isa = PBXFileReference; lastKnownFileType = text.plist.xml; path = Info.plist; sourceTree = "<group>"; };
		482201A822982422003319F0 /* System.framework */ = {isa = PBXFileReference; explicitFileType = wrapper.framework; includeInIndex = 0; path = System.framework; sourceTree = BUILT_PRODUCTS_DIR; };
		482201AA22982422003319F0 /* System.h */ = {isa = PBXFileReference; lastKnownFileType = sourcecode.c.h; path = System.h; sourceTree = "<group>"; };
		482201AB22982422003319F0 /* Info.plist */ = {isa = PBXFileReference; lastKnownFileType = text.plist.xml; path = Info.plist; sourceTree = "<group>"; };
		482201B022982422003319F0 /* SystemTests.xctest */ = {isa = PBXFileReference; explicitFileType = wrapper.cfbundle; includeInIndex = 0; path = SystemTests.xctest; sourceTree = BUILT_PRODUCTS_DIR; };
		482201B722982422003319F0 /* SystemTests.swift */ = {isa = PBXFileReference; lastKnownFileType = sourcecode.swift; path = SystemTests.swift; sourceTree = "<group>"; };
		482201B922982422003319F0 /* Info.plist */ = {isa = PBXFileReference; lastKnownFileType = text.plist.xml; path = Info.plist; sourceTree = "<group>"; };
		482201CE2298252D003319F0 /* LaunchScreen.storyboard */ = {isa = PBXFileReference; fileEncoding = 4; lastKnownFileType = file.storyboard; path = LaunchScreen.storyboard; sourceTree = "<group>"; };
		488240532349447000CB6FFE /* SectionProtocol.swift */ = {isa = PBXFileReference; fileEncoding = 4; lastKnownFileType = sourcecode.swift; path = SectionProtocol.swift; sourceTree = "<group>"; };
		488240542349447000CB6FFE /* DataSourceProtocol.swift */ = {isa = PBXFileReference; fileEncoding = 4; lastKnownFileType = sourcecode.swift; path = DataSourceProtocol.swift; sourceTree = "<group>"; };
		4882405B234945A200CB6FFE /* StartupProcess.swift */ = {isa = PBXFileReference; fileEncoding = 4; lastKnownFileType = sourcecode.swift; path = StartupProcess.swift; sourceTree = "<group>"; };
		4882405C234945A300CB6FFE /* StartupProcessService.swift */ = {isa = PBXFileReference; fileEncoding = 4; lastKnownFileType = sourcecode.swift; path = StartupProcessService.swift; sourceTree = "<group>"; };
		4882405F234945B500CB6FFE /* SimpleLogger.swift */ = {isa = PBXFileReference; fileEncoding = 4; lastKnownFileType = sourcecode.swift; path = SimpleLogger.swift; sourceTree = "<group>"; };
		48824061234945CF00CB6FFE /* Asset.swift */ = {isa = PBXFileReference; fileEncoding = 4; lastKnownFileType = sourcecode.swift; path = Asset.swift; sourceTree = "<group>"; };
		48824062234945CF00CB6FFE /* ColorAsset.swift */ = {isa = PBXFileReference; fileEncoding = 4; lastKnownFileType = sourcecode.swift; path = ColorAsset.swift; sourceTree = "<group>"; };
		48824063234945D000CB6FFE /* ImageAsset.swift */ = {isa = PBXFileReference; fileEncoding = 4; lastKnownFileType = sourcecode.swift; path = ImageAsset.swift; sourceTree = "<group>"; };
		488240682349464A00CB6FFE /* Environment.swift */ = {isa = PBXFileReference; fileEncoding = 4; lastKnownFileType = sourcecode.swift; path = Environment.swift; sourceTree = "<group>"; };
		488240692349464B00CB6FFE /* Global.swift */ = {isa = PBXFileReference; fileEncoding = 4; lastKnownFileType = sourcecode.swift; path = Global.swift; sourceTree = "<group>"; };
		4882406D2349466C00CB6FFE /* KeyboardObserver.swift */ = {isa = PBXFileReference; fileEncoding = 4; lastKnownFileType = sourcecode.swift; path = KeyboardObserver.swift; sourceTree = "<group>"; };
		4882406F2349468B00CB6FFE /* TaskThrottler.swift */ = {isa = PBXFileReference; fileEncoding = 4; lastKnownFileType = sourcecode.swift; path = TaskThrottler.swift; sourceTree = "<group>"; };
		488240712349469C00CB6FFE /* PropertyWrappers.swift */ = {isa = PBXFileReference; fileEncoding = 4; lastKnownFileType = sourcecode.swift; path = PropertyWrappers.swift; sourceTree = "<group>"; };
		488240782349471A00CB6FFE /* Localization.framework */ = {isa = PBXFileReference; explicitFileType = wrapper.framework; includeInIndex = 0; path = Localization.framework; sourceTree = BUILT_PRODUCTS_DIR; };
		4882407A2349471A00CB6FFE /* Localization.h */ = {isa = PBXFileReference; lastKnownFileType = sourcecode.c.h; path = Localization.h; sourceTree = "<group>"; };
		4882407B2349471A00CB6FFE /* Info.plist */ = {isa = PBXFileReference; lastKnownFileType = text.plist.xml; path = Info.plist; sourceTree = "<group>"; };
		488240802349471A00CB6FFE /* LocalizationTests.xctest */ = {isa = PBXFileReference; explicitFileType = wrapper.cfbundle; includeInIndex = 0; path = LocalizationTests.xctest; sourceTree = BUILT_PRODUCTS_DIR; };
		488240872349471A00CB6FFE /* LocalizationTests.swift */ = {isa = PBXFileReference; lastKnownFileType = sourcecode.swift; path = LocalizationTests.swift; sourceTree = "<group>"; };
		488240892349471A00CB6FFE /* Info.plist */ = {isa = PBXFileReference; lastKnownFileType = text.plist.xml; path = Info.plist; sourceTree = "<group>"; };
		488240992349473A00CB6FFE /* LocalizationAsset.swift */ = {isa = PBXFileReference; lastKnownFileType = sourcecode.swift; path = LocalizationAsset.swift; sourceTree = "<group>"; };
/* End PBXFileReference section */

/* Begin PBXFrameworksBuildPhase section */
		480E562D229BF2B40031BDF7 /* Frameworks */ = {
			isa = PBXFrameworksBuildPhase;
			buildActionMask = 2147483647;
			files = (
				480E5654229BF37C0031BDF7 /* System.framework in Frameworks */,
				480E5653229BF3790031BDF7 /* Model.framework in Frameworks */,
			);
			runOnlyForDeploymentPostprocessing = 0;
		};
		480E5635229BF2B40031BDF7 /* Frameworks */ = {
			isa = PBXFrameworksBuildPhase;
			buildActionMask = 2147483647;
			files = (
				480E5639229BF2B40031BDF7 /* Networking.framework in Frameworks */,
			);
			runOnlyForDeploymentPostprocessing = 0;
		};
		4822013E22982175003319F0 /* Frameworks */ = {
			isa = PBXFrameworksBuildPhase;
			buildActionMask = 2147483647;
			files = (
				4822019822982413003319F0 /* Model.framework in Frameworks */,
				482201BD22982422003319F0 /* System.framework in Frameworks */,
				480E5645229BF2B40031BDF7 /* Networking.framework in Frameworks */,
				4882408D2349471A00CB6FFE /* Localization.framework in Frameworks */,
			);
			runOnlyForDeploymentPostprocessing = 0;
		};
		4822015222982175003319F0 /* Frameworks */ = {
			isa = PBXFrameworksBuildPhase;
			buildActionMask = 2147483647;
			files = (
			);
			runOnlyForDeploymentPostprocessing = 0;
		};
		4822018022982413003319F0 /* Frameworks */ = {
			isa = PBXFrameworksBuildPhase;
			buildActionMask = 2147483647;
			files = (
			);
			runOnlyForDeploymentPostprocessing = 0;
		};
		4822018822982413003319F0 /* Frameworks */ = {
			isa = PBXFrameworksBuildPhase;
			buildActionMask = 2147483647;
			files = (
				4822018C22982413003319F0 /* Model.framework in Frameworks */,
			);
			runOnlyForDeploymentPostprocessing = 0;
		};
		482201A522982422003319F0 /* Frameworks */ = {
			isa = PBXFrameworksBuildPhase;
			buildActionMask = 2147483647;
			files = (
			);
			runOnlyForDeploymentPostprocessing = 0;
		};
		482201AD22982422003319F0 /* Frameworks */ = {
			isa = PBXFrameworksBuildPhase;
			buildActionMask = 2147483647;
			files = (
				482201B122982422003319F0 /* System.framework in Frameworks */,
			);
			runOnlyForDeploymentPostprocessing = 0;
		};
		488240752349471A00CB6FFE /* Frameworks */ = {
			isa = PBXFrameworksBuildPhase;
			buildActionMask = 2147483647;
			files = (
				488240A42349492E00CB6FFE /* System.framework in Frameworks */,
			);
			runOnlyForDeploymentPostprocessing = 0;
		};
		4882407D2349471A00CB6FFE /* Frameworks */ = {
			isa = PBXFrameworksBuildPhase;
			buildActionMask = 2147483647;
			files = (
				488240812349471A00CB6FFE /* Localization.framework in Frameworks */,
			);
			runOnlyForDeploymentPostprocessing = 0;
		};
/* End PBXFrameworksBuildPhase section */

/* Begin PBXGroup section */
		480E55F4229BEEE80031BDF7 /* Protocols */ = {
			isa = PBXGroup;
			children = (
				480E55F5229BEEF20031BDF7 /* ReusableView.swift */,
			);
			path = Protocols;
			sourceTree = "<group>";
		};
		480E5631229BF2B40031BDF7 /* Networking */ = {
			isa = PBXGroup;
			children = (
				480E5632229BF2B40031BDF7 /* Networking.h */,
				480E5633229BF2B40031BDF7 /* Info.plist */,
			);
			path = Networking;
			sourceTree = "<group>";
		};
		480E563E229BF2B40031BDF7 /* NetworkingTests */ = {
			isa = PBXGroup;
			children = (
				480E564F229BF2FA0031BDF7 /* Unit tests */,
				480E5641229BF2B40031BDF7 /* Info.plist */,
			);
			path = NetworkingTests;
			sourceTree = "<group>";
		};
		480E564F229BF2FA0031BDF7 /* Unit tests */ = {
			isa = PBXGroup;
			children = (
				480E563F229BF2B40031BDF7 /* NetworkingTests.swift */,
			);
			path = "Unit tests";
			sourceTree = "<group>";
		};
		480E5652229BF3790031BDF7 /* Frameworks */ = {
			isa = PBXGroup;
			children = (
			);
			name = Frameworks;
			sourceTree = "<group>";
		};
		480E5668229BFF370031BDF7 /* Example */ = {
			isa = PBXGroup;
			children = (
				480E5690229C05E80031BDF7 /* Workers */,
				480E568F229C05D70031BDF7 /* Views */,
				480E5685229C04BD0031BDF7 /* ExampleRouter.swift */,
				480E5688229C04BD0031BDF7 /* ExampleInteractor.swift */,
				480E5684229C04BD0031BDF7 /* ExamplePresenter.swift */,
				480E5686229C04BD0031BDF7 /* ExampleViewController.swift */,
			);
			path = Example;
			sourceTree = "<group>";
		};
		480E568F229C05D70031BDF7 /* Views */ = {
			isa = PBXGroup;
			children = (
				480E5683229C04BD0031BDF7 /* ExampleContentView.swift */,
			);
			path = Views;
			sourceTree = "<group>";
		};
		480E5690229C05E80031BDF7 /* Workers */ = {
			isa = PBXGroup;
			children = (
				480E5691229C05F10031BDF7 /* ExampleTodosWorker.swift */,
			);
			path = Workers;
			sourceTree = "<group>";
		};
		480E5693229C13820031BDF7 /* Example navigation */ = {
			isa = PBXGroup;
			children = (
				480E56C0229C149D0031BDF7 /* Views */,
				480E56B8229C14970031BDF7 /* ExampleNavigationRouter.swift */,
				480E56B7229C14970031BDF7 /* ExampleNavigationPresenter.swift */,
				480E56BA229C14970031BDF7 /* ExampleNavigationInteractor.swift */,
				480E56B9229C14970031BDF7 /* ExampleNavigationViewController.swift */,
			);
			path = "Example navigation";
			sourceTree = "<group>";
		};
		480E56C0229C149D0031BDF7 /* Views */ = {
			isa = PBXGroup;
			children = (
				480E56B6229C14970031BDF7 /* ExampleNavigationContentView.swift */,
			);
			path = Views;
			sourceTree = "<group>";
		};
		4822013822982175003319F0 = {
			isa = PBXGroup;
			children = (
				4822014322982175003319F0 /* Template */,
				482201A922982422003319F0 /* System */,
				4822018422982413003319F0 /* Model */,
				488240792349471A00CB6FFE /* Localization */,
				480E5631229BF2B40031BDF7 /* Networking */,
				4822015822982175003319F0 /* TemplateTests */,
				4822019122982413003319F0 /* ModelTests */,
				482201B622982422003319F0 /* SystemTests */,
				480E563E229BF2B40031BDF7 /* NetworkingTests */,
				488240862349471A00CB6FFE /* LocalizationTests */,
				4822014222982175003319F0 /* Products */,
				480E5652229BF3790031BDF7 /* Frameworks */,
			);
			indentWidth = 2;
			sourceTree = "<group>";
			tabWidth = 2;
		};
		4822014222982175003319F0 /* Products */ = {
			isa = PBXGroup;
			children = (
				4822014122982175003319F0 /* Template.app */,
				4822015522982175003319F0 /* TemplateTests.xctest */,
				4822018322982413003319F0 /* Model.framework */,
				4822018B22982413003319F0 /* ModelTests.xctest */,
				482201A822982422003319F0 /* System.framework */,
				482201B022982422003319F0 /* SystemTests.xctest */,
				480E5630229BF2B40031BDF7 /* Networking.framework */,
				480E5638229BF2B40031BDF7 /* NetworkingTests.xctest */,
				488240782349471A00CB6FFE /* Localization.framework */,
				488240802349471A00CB6FFE /* LocalizationTests.xctest */,
			);
			name = Products;
			sourceTree = "<group>";
		};
		4822014322982175003319F0 /* Template */ = {
			isa = PBXGroup;
			children = (
				48220164229821A6003319F0 /* App */,
				48220165229821A9003319F0 /* Common */,
				48220166229821B3003319F0 /* Resources */,
			);
			path = Template;
			sourceTree = "<group>";
		};
		4822015822982175003319F0 /* TemplateTests */ = {
			isa = PBXGroup;
			children = (
				4822015B22982175003319F0 /* Info.plist */,
				482201CD229824F7003319F0 /* Unit tests */,
			);
			path = TemplateTests;
			sourceTree = "<group>";
		};
		48220164229821A6003319F0 /* App */ = {
			isa = PBXGroup;
			children = (
				482201D622982554003319F0 /* Scenes */,
				4822014422982175003319F0 /* TemplateApp.swift */,
			);
			path = App;
			sourceTree = "<group>";
		};
		48220165229821A9003319F0 /* Common */ = {
			isa = PBXGroup;
			children = (
				482201D122982539003319F0 /* UI */,
				482201D022982534003319F0 /* Extensions */,
			);
			path = Common;
			sourceTree = "<group>";
		};
		48220166229821B3003319F0 /* Resources */ = {
			isa = PBXGroup;
			children = (
				4822016A2298224B003319F0 /* Configurations */,
				48220169229821CB003319F0 /* Assets */,
				48220167229821BF003319F0 /* Other */,
			);
			path = Resources;
			sourceTree = "<group>";
		};
		48220167229821BF003319F0 /* Other */ = {
			isa = PBXGroup;
			children = (
				482201CE2298252D003319F0 /* LaunchScreen.storyboard */,
				4822015022982175003319F0 /* Info.plist */,
			);
			path = Other;
			sourceTree = "<group>";
		};
		48220169229821CB003319F0 /* Assets */ = {
			isa = PBXGroup;
			children = (
				4822014B22982175003319F0 /* Assets.xcassets */,
			);
			path = Assets;
			sourceTree = "<group>";
		};
		4822016A2298224B003319F0 /* Configurations */ = {
			isa = PBXGroup;
			children = (
				4822016D2298225D003319F0 /* Default-debug.xcconfig */,
				4822016B2298225D003319F0 /* Default-release.xcconfig */,
				4822016C2298225D003319F0 /* Default-staging.xcconfig */,
			);
			path = Configurations;
			sourceTree = "<group>";
		};
		4822018422982413003319F0 /* Model */ = {
			isa = PBXGroup;
			children = (
				4822018522982413003319F0 /* Model.h */,
				4822018622982413003319F0 /* Info.plist */,
				482201C72298244B003319F0 /* Sources */,
			);
			path = Model;
			sourceTree = "<group>";
		};
		4822019122982413003319F0 /* ModelTests */ = {
			isa = PBXGroup;
			children = (
				4822019422982413003319F0 /* Info.plist */,
				482201C92298245B003319F0 /* Unit tests */,
			);
			path = ModelTests;
			sourceTree = "<group>";
		};
		482201A922982422003319F0 /* System */ = {
			isa = PBXGroup;
			children = (
				482201AA22982422003319F0 /* System.h */,
				482201AB22982422003319F0 /* Info.plist */,
				482201C822982451003319F0 /* Sources */,
			);
			path = System;
			sourceTree = "<group>";
		};
		482201B622982422003319F0 /* SystemTests */ = {
			isa = PBXGroup;
			children = (
				482201B922982422003319F0 /* Info.plist */,
				482201CA22982461003319F0 /* Unit tests */,
			);
			path = SystemTests;
			sourceTree = "<group>";
		};
		482201C72298244B003319F0 /* Sources */ = {
			isa = PBXGroup;
			children = (
			);
			path = Sources;
			sourceTree = "<group>";
		};
		482201C822982451003319F0 /* Sources */ = {
			isa = PBXGroup;
			children = (
				48824067234945E900CB6FFE /* Extensions */,
				488240522349446600CB6FFE /* Protocols */,
				4882406C2349464E00CB6FFE /* Assets */,
				480E55FF229BEFC20031BDF7 /* AttributedStringBuilder.swift */,
				480E5602229BEFE20031BDF7 /* Broadcast.swift */,
				480E5601229BEFE20031BDF7 /* BroadcastObjectWrapper.swift */,
				4882405B234945A200CB6FFE /* StartupProcess.swift */,
				4882405C234945A300CB6FFE /* StartupProcessService.swift */,
				4882405F234945B500CB6FFE /* SimpleLogger.swift */,
				488240682349464A00CB6FFE /* Environment.swift */,
				488240692349464B00CB6FFE /* Global.swift */,
				4882406D2349466C00CB6FFE /* KeyboardObserver.swift */,
				4882406F2349468B00CB6FFE /* TaskThrottler.swift */,
				488240712349469C00CB6FFE /* PropertyWrappers.swift */,
			);
			path = Sources;
			sourceTree = "<group>";
		};
		482201C92298245B003319F0 /* Unit tests */ = {
			isa = PBXGroup;
			children = (
				4822019222982413003319F0 /* ModelTests.swift */,
			);
			path = "Unit tests";
			sourceTree = "<group>";
		};
		482201CA22982461003319F0 /* Unit tests */ = {
			isa = PBXGroup;
			children = (
				482201B722982422003319F0 /* SystemTests.swift */,
			);
			path = "Unit tests";
			sourceTree = "<group>";
		};
		482201CD229824F7003319F0 /* Unit tests */ = {
			isa = PBXGroup;
			children = (
				4822015922982175003319F0 /* TemplateTests.swift */,
			);
			path = "Unit tests";
			sourceTree = "<group>";
		};
		482201D022982534003319F0 /* Extensions */ = {
			isa = PBXGroup;
			children = (
				482201D322982546003319F0 /* UIKit */,
				482201D222982541003319F0 /* Foundation */,
			);
			path = Extensions;
			sourceTree = "<group>";
		};
		482201D122982539003319F0 /* UI */ = {
			isa = PBXGroup;
			children = (
				480E55F4229BEEE80031BDF7 /* Protocols */,
				482201D522982550003319F0 /* View controllers */,
				482201D42298254C003319F0 /* Views */,
			);
			path = UI;
			sourceTree = "<group>";
		};
		482201D222982541003319F0 /* Foundation */ = {
			isa = PBXGroup;
			children = (
				480E55F9229BEF430031BDF7 /* Collection-Template.swift */,
			);
			path = Foundation;
			sourceTree = "<group>";
		};
		482201D322982546003319F0 /* UIKit */ = {
			isa = PBXGroup;
			children = (
				480E55EF229BEE6F0031BDF7 /* UICollectionView-Template.swift */,
				480E55EC229BEE6F0031BDF7 /* UITableView-Template.swift */,
				480E55ED229BEE6F0031BDF7 /* UIView-Template.swift */,
				480E55EE229BEE6F0031BDF7 /* UIColor-Template.swift */,
			);
			path = UIKit;
			sourceTree = "<group>";
		};
		482201D42298254C003319F0 /* Views */ = {
			isa = PBXGroup;
			children = (
			);
			path = Views;
			sourceTree = "<group>";
		};
		482201D522982550003319F0 /* View controllers */ = {
			isa = PBXGroup;
			children = (
			);
			path = "View controllers";
			sourceTree = "<group>";
		};
		482201D622982554003319F0 /* Scenes */ = {
			isa = PBXGroup;
			children = (
				480E5668229BFF370031BDF7 /* Example */,
				480E5693229C13820031BDF7 /* Example navigation */,
			);
			path = Scenes;
			sourceTree = "<group>";
		};
		488240522349446600CB6FFE /* Protocols */ = {
			isa = PBXGroup;
			children = (
				488240542349447000CB6FFE /* DataSourceProtocol.swift */,
				488240532349447000CB6FFE /* SectionProtocol.swift */,
			);
			path = Protocols;
			sourceTree = "<group>";
		};
		48824067234945E900CB6FFE /* Extensions */ = {
			isa = PBXGroup;
			children = (
				480E55FB229BEF550031BDF7 /* URL-System.swift */,
				480E55FD229BEF860031BDF7 /* Bundle-System.swift */,
			);
			path = Extensions;
			sourceTree = "<group>";
		};
		4882406C2349464E00CB6FFE /* Assets */ = {
			isa = PBXGroup;
			children = (
				48824061234945CF00CB6FFE /* Asset.swift */,
				48824062234945CF00CB6FFE /* ColorAsset.swift */,
				48824063234945D000CB6FFE /* ImageAsset.swift */,
			);
			path = Assets;
			sourceTree = "<group>";
		};
		488240792349471A00CB6FFE /* Localization */ = {
			isa = PBXGroup;
			children = (
				4882407A2349471A00CB6FFE /* Localization.h */,
				4882407B2349471A00CB6FFE /* Info.plist */,
				488240972349472B00CB6FFE /* Resources */,
				488240982349473100CB6FFE /* Source */,
			);
			path = Localization;
			sourceTree = "<group>";
		};
		488240862349471A00CB6FFE /* LocalizationTests */ = {
			isa = PBXGroup;
			children = (
				488240872349471A00CB6FFE /* LocalizationTests.swift */,
				488240892349471A00CB6FFE /* Info.plist */,
			);
			path = LocalizationTests;
			sourceTree = "<group>";
		};
		488240972349472B00CB6FFE /* Resources */ = {
			isa = PBXGroup;
			children = (
				480E5666229BFF0B0031BDF7 /* Localizable.strings */,
			);
			path = Resources;
			sourceTree = "<group>";
		};
		488240982349473100CB6FFE /* Source */ = {
			isa = PBXGroup;
			children = (
				488240992349473A00CB6FFE /* LocalizationAsset.swift */,
			);
			path = Source;
			sourceTree = "<group>";
		};
/* End PBXGroup section */

/* Begin PBXHeadersBuildPhase section */
		480E562B229BF2B40031BDF7 /* Headers */ = {
			isa = PBXHeadersBuildPhase;
			buildActionMask = 2147483647;
			files = (
				480E5642229BF2B40031BDF7 /* Networking.h in Headers */,
			);
			runOnlyForDeploymentPostprocessing = 0;
		};
		4822017E22982413003319F0 /* Headers */ = {
			isa = PBXHeadersBuildPhase;
			buildActionMask = 2147483647;
			files = (
				4822019522982413003319F0 /* Model.h in Headers */,
			);
			runOnlyForDeploymentPostprocessing = 0;
		};
		482201A322982422003319F0 /* Headers */ = {
			isa = PBXHeadersBuildPhase;
			buildActionMask = 2147483647;
			files = (
				482201BA22982422003319F0 /* System.h in Headers */,
			);
			runOnlyForDeploymentPostprocessing = 0;
		};
		488240732349471A00CB6FFE /* Headers */ = {
			isa = PBXHeadersBuildPhase;
			buildActionMask = 2147483647;
			files = (
				4882408A2349471A00CB6FFE /* Localization.h in Headers */,
			);
			runOnlyForDeploymentPostprocessing = 0;
		};
/* End PBXHeadersBuildPhase section */

/* Begin PBXNativeTarget section */
		480E562F229BF2B40031BDF7 /* Networking */ = {
			isa = PBXNativeTarget;
			buildConfigurationList = 480E5647229BF2B40031BDF7 /* Build configuration list for PBXNativeTarget "Networking" */;
			buildPhases = (
				480E562B229BF2B40031BDF7 /* Headers */,
				480E562C229BF2B40031BDF7 /* Sources */,
				480E562D229BF2B40031BDF7 /* Frameworks */,
				480E562E229BF2B40031BDF7 /* Resources */,
			);
			buildRules = (
			);
			dependencies = (
				480E5656229BF37E0031BDF7 /* PBXTargetDependency */,
				480E5651229BF3750031BDF7 /* PBXTargetDependency */,
			);
			name = Networking;
			productName = Networking;
			productReference = 480E5630229BF2B40031BDF7 /* Networking.framework */;
			productType = "com.apple.product-type.framework";
		};
		480E5637229BF2B40031BDF7 /* NetworkingTests */ = {
			isa = PBXNativeTarget;
			buildConfigurationList = 480E564B229BF2B40031BDF7 /* Build configuration list for PBXNativeTarget "NetworkingTests" */;
			buildPhases = (
				480E5634229BF2B40031BDF7 /* Sources */,
				480E5635229BF2B40031BDF7 /* Frameworks */,
				480E5636229BF2B40031BDF7 /* Resources */,
			);
			buildRules = (
			);
			dependencies = (
				480E563B229BF2B40031BDF7 /* PBXTargetDependency */,
				480E563D229BF2B40031BDF7 /* PBXTargetDependency */,
			);
			name = NetworkingTests;
			productName = NetworkingTests;
			productReference = 480E5638229BF2B40031BDF7 /* NetworkingTests.xctest */;
			productType = "com.apple.product-type.bundle.unit-test";
		};
		4822014022982175003319F0 /* Template */ = {
			isa = PBXNativeTarget;
			buildConfigurationList = 4822015E22982175003319F0 /* Build configuration list for PBXNativeTarget "Template" */;
			buildPhases = (
				4822013D22982175003319F0 /* Sources */,
				4822013E22982175003319F0 /* Frameworks */,
				4822013F22982175003319F0 /* Resources */,
				4822019E22982414003319F0 /* Embed Frameworks */,
				480E56C5229C19EA0031BDF7 /* SwiftLint */,
			);
			buildRules = (
			);
			dependencies = (
				4822019722982413003319F0 /* PBXTargetDependency */,
				482201BC22982422003319F0 /* PBXTargetDependency */,
				480E5644229BF2B40031BDF7 /* PBXTargetDependency */,
				4882408C2349471A00CB6FFE /* PBXTargetDependency */,
			);
			name = Template;
			productName = Template;
			productReference = 4822014122982175003319F0 /* Template.app */;
			productType = "com.apple.product-type.application";
		};
		4822015422982175003319F0 /* TemplateTests */ = {
			isa = PBXNativeTarget;
			buildConfigurationList = 4822016122982175003319F0 /* Build configuration list for PBXNativeTarget "TemplateTests" */;
			buildPhases = (
				4822015122982175003319F0 /* Sources */,
				4822015222982175003319F0 /* Frameworks */,
				4822015322982175003319F0 /* Resources */,
			);
			buildRules = (
			);
			dependencies = (
				4822015722982175003319F0 /* PBXTargetDependency */,
			);
			name = TemplateTests;
			productName = TemplateTests;
			productReference = 4822015522982175003319F0 /* TemplateTests.xctest */;
			productType = "com.apple.product-type.bundle.unit-test";
		};
		4822018222982413003319F0 /* Model */ = {
			isa = PBXNativeTarget;
			buildConfigurationList = 4822019A22982414003319F0 /* Build configuration list for PBXNativeTarget "Model" */;
			buildPhases = (
				4822017E22982413003319F0 /* Headers */,
				4822017F22982413003319F0 /* Sources */,
				4822018022982413003319F0 /* Frameworks */,
				4822018122982413003319F0 /* Resources */,
			);
			buildRules = (
			);
			dependencies = (
			);
			name = Model;
			productName = Model;
			productReference = 4822018322982413003319F0 /* Model.framework */;
			productType = "com.apple.product-type.framework";
		};
		4822018A22982413003319F0 /* ModelTests */ = {
			isa = PBXNativeTarget;
			buildConfigurationList = 4822019F22982414003319F0 /* Build configuration list for PBXNativeTarget "ModelTests" */;
			buildPhases = (
				4822018722982413003319F0 /* Sources */,
				4822018822982413003319F0 /* Frameworks */,
				4822018922982413003319F0 /* Resources */,
			);
			buildRules = (
			);
			dependencies = (
				4822018E22982413003319F0 /* PBXTargetDependency */,
				4822019022982413003319F0 /* PBXTargetDependency */,
			);
			name = ModelTests;
			productName = ModelTests;
			productReference = 4822018B22982413003319F0 /* ModelTests.xctest */;
			productType = "com.apple.product-type.bundle.unit-test";
		};
		482201A722982422003319F0 /* System */ = {
			isa = PBXNativeTarget;
			buildConfigurationList = 482201BF22982422003319F0 /* Build configuration list for PBXNativeTarget "System" */;
			buildPhases = (
				482201A322982422003319F0 /* Headers */,
				482201A422982422003319F0 /* Sources */,
				482201A522982422003319F0 /* Frameworks */,
				482201A622982422003319F0 /* Resources */,
			);
			buildRules = (
			);
			dependencies = (
			);
			name = System;
			productName = System;
			productReference = 482201A822982422003319F0 /* System.framework */;
			productType = "com.apple.product-type.framework";
		};
		482201AF22982422003319F0 /* SystemTests */ = {
			isa = PBXNativeTarget;
			buildConfigurationList = 482201C322982422003319F0 /* Build configuration list for PBXNativeTarget "SystemTests" */;
			buildPhases = (
				482201AC22982422003319F0 /* Sources */,
				482201AD22982422003319F0 /* Frameworks */,
				482201AE22982422003319F0 /* Resources */,
			);
			buildRules = (
			);
			dependencies = (
				482201B322982422003319F0 /* PBXTargetDependency */,
				482201B522982422003319F0 /* PBXTargetDependency */,
			);
			name = SystemTests;
			productName = SystemTests;
			productReference = 482201B022982422003319F0 /* SystemTests.xctest */;
			productType = "com.apple.product-type.bundle.unit-test";
		};
		488240772349471A00CB6FFE /* Localization */ = {
			isa = PBXNativeTarget;
			buildConfigurationList = 4882408F2349471A00CB6FFE /* Build configuration list for PBXNativeTarget "Localization" */;
			buildPhases = (
				488240732349471A00CB6FFE /* Headers */,
				488240742349471A00CB6FFE /* Sources */,
				488240752349471A00CB6FFE /* Frameworks */,
				488240762349471A00CB6FFE /* Resources */,
				488240A12349482E00CB6FFE /* Embed Frameworks */,
			);
			buildRules = (
			);
			dependencies = (
				488240A62349493200CB6FFE /* PBXTargetDependency */,
			);
			name = Localization;
			productName = Localization;
			productReference = 488240782349471A00CB6FFE /* Localization.framework */;
			productType = "com.apple.product-type.framework";
		};
		4882407F2349471A00CB6FFE /* LocalizationTests */ = {
			isa = PBXNativeTarget;
			buildConfigurationList = 488240932349471A00CB6FFE /* Build configuration list for PBXNativeTarget "LocalizationTests" */;
			buildPhases = (
				4882407C2349471A00CB6FFE /* Sources */,
				4882407D2349471A00CB6FFE /* Frameworks */,
				4882407E2349471A00CB6FFE /* Resources */,
			);
			buildRules = (
			);
			dependencies = (
				488240832349471A00CB6FFE /* PBXTargetDependency */,
				488240852349471A00CB6FFE /* PBXTargetDependency */,
			);
			name = LocalizationTests;
			productName = LocalizationTests;
			productReference = 488240802349471A00CB6FFE /* LocalizationTests.xctest */;
			productType = "com.apple.product-type.bundle.unit-test";
		};
/* End PBXNativeTarget section */

/* Begin PBXProject section */
		4822013922982175003319F0 /* Project object */ = {
			isa = PBXProject;
			attributes = {
				LastSwiftUpdateCheck = 1100;
				LastUpgradeCheck = 1020;
				ORGANIZATIONNAME = "Martian & Machine";
				TargetAttributes = {
					480E562F229BF2B40031BDF7 = {
						CreatedOnToolsVersion = 10.2.1;
					};
					480E5637229BF2B40031BDF7 = {
						CreatedOnToolsVersion = 10.2.1;
						TestTargetID = 4822014022982175003319F0;
					};
					4822014022982175003319F0 = {
						CreatedOnToolsVersion = 10.2.1;
					};
					4822015422982175003319F0 = {
						CreatedOnToolsVersion = 10.2.1;
						TestTargetID = 4822014022982175003319F0;
					};
					4822018222982413003319F0 = {
						CreatedOnToolsVersion = 10.2.1;
						LastSwiftMigration = 1020;
					};
					4822018A22982413003319F0 = {
						CreatedOnToolsVersion = 10.2.1;
						TestTargetID = 4822014022982175003319F0;
					};
					482201A722982422003319F0 = {
						CreatedOnToolsVersion = 10.2.1;
						LastSwiftMigration = 1020;
					};
					482201AF22982422003319F0 = {
						CreatedOnToolsVersion = 10.2.1;
						TestTargetID = 4822014022982175003319F0;
					};
					488240772349471A00CB6FFE = {
						CreatedOnToolsVersion = 11.0;
						LastSwiftMigration = 1100;
					};
					4882407F2349471A00CB6FFE = {
						CreatedOnToolsVersion = 11.0;
						TestTargetID = 4822014022982175003319F0;
					};
				};
			};
			buildConfigurationList = 4822013C22982175003319F0 /* Build configuration list for PBXProject "Template" */;
			compatibilityVersion = "Xcode 9.3";
			developmentRegion = en;
			hasScannedForEncodings = 0;
			knownRegions = (
				en,
				Base,
			);
			mainGroup = 4822013822982175003319F0;
			productRefGroup = 4822014222982175003319F0 /* Products */;
			projectDirPath = "";
			projectRoot = "";
			targets = (
				4822014022982175003319F0 /* Template */,
				4822018222982413003319F0 /* Model */,
				482201A722982422003319F0 /* System */,
				480E562F229BF2B40031BDF7 /* Networking */,
				488240772349471A00CB6FFE /* Localization */,
				4822015422982175003319F0 /* TemplateTests */,
				4822018A22982413003319F0 /* ModelTests */,
				482201AF22982422003319F0 /* SystemTests */,
				480E5637229BF2B40031BDF7 /* NetworkingTests */,
				4882407F2349471A00CB6FFE /* LocalizationTests */,
			);
		};
/* End PBXProject section */

/* Begin PBXResourcesBuildPhase section */
		480E562E229BF2B40031BDF7 /* Resources */ = {
			isa = PBXResourcesBuildPhase;
			buildActionMask = 2147483647;
			files = (
			);
			runOnlyForDeploymentPostprocessing = 0;
		};
		480E5636229BF2B40031BDF7 /* Resources */ = {
			isa = PBXResourcesBuildPhase;
			buildActionMask = 2147483647;
			files = (
			);
			runOnlyForDeploymentPostprocessing = 0;
		};
		4822013F22982175003319F0 /* Resources */ = {
			isa = PBXResourcesBuildPhase;
			buildActionMask = 2147483647;
			files = (
				4822016E2298225D003319F0 /* Default-release.xcconfig in Resources */,
				480E5667229BFF0B0031BDF7 /* Localizable.strings in Resources */,
				482201702298225D003319F0 /* Default-debug.xcconfig in Resources */,
				4822016F2298225D003319F0 /* Default-staging.xcconfig in Resources */,
				482201CF2298252D003319F0 /* LaunchScreen.storyboard in Resources */,
				4822014C22982175003319F0 /* Assets.xcassets in Resources */,
			);
			runOnlyForDeploymentPostprocessing = 0;
		};
		4822015322982175003319F0 /* Resources */ = {
			isa = PBXResourcesBuildPhase;
			buildActionMask = 2147483647;
			files = (
			);
			runOnlyForDeploymentPostprocessing = 0;
		};
		4822018122982413003319F0 /* Resources */ = {
			isa = PBXResourcesBuildPhase;
			buildActionMask = 2147483647;
			files = (
			);
			runOnlyForDeploymentPostprocessing = 0;
		};
		4822018922982413003319F0 /* Resources */ = {
			isa = PBXResourcesBuildPhase;
			buildActionMask = 2147483647;
			files = (
			);
			runOnlyForDeploymentPostprocessing = 0;
		};
		482201A622982422003319F0 /* Resources */ = {
			isa = PBXResourcesBuildPhase;
			buildActionMask = 2147483647;
			files = (
			);
			runOnlyForDeploymentPostprocessing = 0;
		};
		482201AE22982422003319F0 /* Resources */ = {
			isa = PBXResourcesBuildPhase;
			buildActionMask = 2147483647;
			files = (
			);
			runOnlyForDeploymentPostprocessing = 0;
		};
		488240762349471A00CB6FFE /* Resources */ = {
			isa = PBXResourcesBuildPhase;
			buildActionMask = 2147483647;
			files = (
			);
			runOnlyForDeploymentPostprocessing = 0;
		};
		4882407E2349471A00CB6FFE /* Resources */ = {
			isa = PBXResourcesBuildPhase;
			buildActionMask = 2147483647;
			files = (
			);
			runOnlyForDeploymentPostprocessing = 0;
		};
/* End PBXResourcesBuildPhase section */

/* Begin PBXShellScriptBuildPhase section */
		480E56C5229C19EA0031BDF7 /* SwiftLint */ = {
			isa = PBXShellScriptBuildPhase;
			buildActionMask = 2147483647;
			files = (
			);
			inputFileListPaths = (
			);
			inputPaths = (
			);
			name = SwiftLint;
			outputFileListPaths = (
			);
			outputPaths = (
			);
			runOnlyForDeploymentPostprocessing = 0;
			shellPath = /bin/sh;
			shellScript = "if which swiftlint >/dev/null; then\n    swiftlint\nelse\n    echo \"warning: SwiftLint not installed, download from https://github.com/realm/SwiftLint\"\nfi\n";
		};
/* End PBXShellScriptBuildPhase section */

/* Begin PBXSourcesBuildPhase section */
		480E562C229BF2B40031BDF7 /* Sources */ = {
			isa = PBXSourcesBuildPhase;
			buildActionMask = 2147483647;
			files = (
			);
			runOnlyForDeploymentPostprocessing = 0;
		};
		480E5634229BF2B40031BDF7 /* Sources */ = {
			isa = PBXSourcesBuildPhase;
			buildActionMask = 2147483647;
			files = (
				480E5640229BF2B40031BDF7 /* NetworkingTests.swift in Sources */,
			);
			runOnlyForDeploymentPostprocessing = 0;
		};
		4822013D22982175003319F0 /* Sources */ = {
			isa = PBXSourcesBuildPhase;
			buildActionMask = 2147483647;
			files = (
				480E56BE229C14970031BDF7 /* ExampleNavigationViewController.swift in Sources */,
				488240552349447000CB6FFE /* SectionProtocol.swift in Sources */,
				480E55F3229BEE6F0031BDF7 /* UICollectionView-Template.swift in Sources */,
				480E55FC229BEF550031BDF7 /* URL-System.swift in Sources */,
				480E55FA229BEF430031BDF7 /* Collection-Template.swift in Sources */,
				480E5689229C04BD0031BDF7 /* ExampleContentView.swift in Sources */,
				480E55F2229BEE6F0031BDF7 /* UIColor-Template.swift in Sources */,
				480E568C229C04BD0031BDF7 /* ExampleViewController.swift in Sources */,
				488240562349447000CB6FFE /* DataSourceProtocol.swift in Sources */,
				480E5692229C05F10031BDF7 /* ExampleTodosWorker.swift in Sources */,
				480E55F0229BEE6F0031BDF7 /* UITableView-Template.swift in Sources */,
				480E56BD229C14970031BDF7 /* ExampleNavigationRouter.swift in Sources */,
				480E55FE229BEF860031BDF7 /* Bundle-System.swift in Sources */,
				480E56BC229C14970031BDF7 /* ExampleNavigationPresenter.swift in Sources */,
				480E568B229C04BD0031BDF7 /* ExampleRouter.swift in Sources */,
				480E568A229C04BD0031BDF7 /* ExamplePresenter.swift in Sources */,
				480E56BB229C14970031BDF7 /* ExampleNavigationContentView.swift in Sources */,
				480E55F1229BEE6F0031BDF7 /* UIView-Template.swift in Sources */,
				480E55F6229BEEF20031BDF7 /* ReusableView.swift in Sources */,
				480E56BF229C14970031BDF7 /* ExampleNavigationInteractor.swift in Sources */,
				4822014522982175003319F0 /* TemplateApp.swift in Sources */,
				480E568E229C04BD0031BDF7 /* ExampleInteractor.swift in Sources */,
			);
			runOnlyForDeploymentPostprocessing = 0;
		};
		4822015122982175003319F0 /* Sources */ = {
			isa = PBXSourcesBuildPhase;
			buildActionMask = 2147483647;
			files = (
				4822015A22982175003319F0 /* TemplateTests.swift in Sources */,
			);
			runOnlyForDeploymentPostprocessing = 0;
		};
		4822017F22982413003319F0 /* Sources */ = {
			isa = PBXSourcesBuildPhase;
			buildActionMask = 2147483647;
			files = (
			);
			runOnlyForDeploymentPostprocessing = 0;
		};
		4822018722982413003319F0 /* Sources */ = {
			isa = PBXSourcesBuildPhase;
			buildActionMask = 2147483647;
			files = (
				4822019322982413003319F0 /* ModelTests.swift in Sources */,
			);
			runOnlyForDeploymentPostprocessing = 0;
		};
		482201A422982422003319F0 /* Sources */ = {
			isa = PBXSourcesBuildPhase;
			buildActionMask = 2147483647;
			files = (
				488240722349469C00CB6FFE /* PropertyWrappers.swift in Sources */,
				4882405E234945A300CB6FFE /* StartupProcessService.swift in Sources */,
				48824064234945D000CB6FFE /* Asset.swift in Sources */,
				48824065234945D000CB6FFE /* ColorAsset.swift in Sources */,
				488240702349468B00CB6FFE /* TaskThrottler.swift in Sources */,
				480E5604229BEFE20031BDF7 /* Broadcast.swift in Sources */,
				4882405D234945A300CB6FFE /* StartupProcess.swift in Sources */,
				480E5603229BEFE20031BDF7 /* BroadcastObjectWrapper.swift in Sources */,
				4882406B2349464B00CB6FFE /* Global.swift in Sources */,
				48824066234945D000CB6FFE /* ImageAsset.swift in Sources */,
				480E5600229BEFC20031BDF7 /* AttributedStringBuilder.swift in Sources */,
				48824060234945B500CB6FFE /* SimpleLogger.swift in Sources */,
				4882406E2349466C00CB6FFE /* KeyboardObserver.swift in Sources */,
				4882406A2349464B00CB6FFE /* Environment.swift in Sources */,
			);
			runOnlyForDeploymentPostprocessing = 0;
		};
		482201AC22982422003319F0 /* Sources */ = {
			isa = PBXSourcesBuildPhase;
			buildActionMask = 2147483647;
			files = (
				482201B822982422003319F0 /* SystemTests.swift in Sources */,
			);
			runOnlyForDeploymentPostprocessing = 0;
		};
		488240742349471A00CB6FFE /* Sources */ = {
			isa = PBXSourcesBuildPhase;
			buildActionMask = 2147483647;
			files = (
				4882409A2349473A00CB6FFE /* LocalizationAsset.swift in Sources */,
			);
			runOnlyForDeploymentPostprocessing = 0;
		};
		4882407C2349471A00CB6FFE /* Sources */ = {
			isa = PBXSourcesBuildPhase;
			buildActionMask = 2147483647;
			files = (
				488240882349471A00CB6FFE /* LocalizationTests.swift in Sources */,
			);
			runOnlyForDeploymentPostprocessing = 0;
		};
/* End PBXSourcesBuildPhase section */

/* Begin PBXTargetDependency section */
		480E563B229BF2B40031BDF7 /* PBXTargetDependency */ = {
			isa = PBXTargetDependency;
			target = 480E562F229BF2B40031BDF7 /* Networking */;
			targetProxy = 480E563A229BF2B40031BDF7 /* PBXContainerItemProxy */;
		};
		480E563D229BF2B40031BDF7 /* PBXTargetDependency */ = {
			isa = PBXTargetDependency;
			target = 4822014022982175003319F0 /* Template */;
			targetProxy = 480E563C229BF2B40031BDF7 /* PBXContainerItemProxy */;
		};
		480E5644229BF2B40031BDF7 /* PBXTargetDependency */ = {
			isa = PBXTargetDependency;
			target = 480E562F229BF2B40031BDF7 /* Networking */;
			targetProxy = 480E5643229BF2B40031BDF7 /* PBXContainerItemProxy */;
		};
		480E5651229BF3750031BDF7 /* PBXTargetDependency */ = {
			isa = PBXTargetDependency;
			target = 4822018222982413003319F0 /* Model */;
			targetProxy = 480E5650229BF3750031BDF7 /* PBXContainerItemProxy */;
		};
		480E5656229BF37E0031BDF7 /* PBXTargetDependency */ = {
			isa = PBXTargetDependency;
			target = 482201A722982422003319F0 /* System */;
			targetProxy = 480E5655229BF37E0031BDF7 /* PBXContainerItemProxy */;
		};
		4822015722982175003319F0 /* PBXTargetDependency */ = {
			isa = PBXTargetDependency;
			target = 4822014022982175003319F0 /* Template */;
			targetProxy = 4822015622982175003319F0 /* PBXContainerItemProxy */;
		};
		4822018E22982413003319F0 /* PBXTargetDependency */ = {
			isa = PBXTargetDependency;
			target = 4822018222982413003319F0 /* Model */;
			targetProxy = 4822018D22982413003319F0 /* PBXContainerItemProxy */;
		};
		4822019022982413003319F0 /* PBXTargetDependency */ = {
			isa = PBXTargetDependency;
			target = 4822014022982175003319F0 /* Template */;
			targetProxy = 4822018F22982413003319F0 /* PBXContainerItemProxy */;
		};
		4822019722982413003319F0 /* PBXTargetDependency */ = {
			isa = PBXTargetDependency;
			target = 4822018222982413003319F0 /* Model */;
			targetProxy = 4822019622982413003319F0 /* PBXContainerItemProxy */;
		};
		482201B322982422003319F0 /* PBXTargetDependency */ = {
			isa = PBXTargetDependency;
			target = 482201A722982422003319F0 /* System */;
			targetProxy = 482201B222982422003319F0 /* PBXContainerItemProxy */;
		};
		482201B522982422003319F0 /* PBXTargetDependency */ = {
			isa = PBXTargetDependency;
			target = 4822014022982175003319F0 /* Template */;
			targetProxy = 482201B422982422003319F0 /* PBXContainerItemProxy */;
		};
		482201BC22982422003319F0 /* PBXTargetDependency */ = {
			isa = PBXTargetDependency;
			target = 482201A722982422003319F0 /* System */;
			targetProxy = 482201BB22982422003319F0 /* PBXContainerItemProxy */;
		};
		488240832349471A00CB6FFE /* PBXTargetDependency */ = {
			isa = PBXTargetDependency;
			target = 488240772349471A00CB6FFE /* Localization */;
			targetProxy = 488240822349471A00CB6FFE /* PBXContainerItemProxy */;
		};
		488240852349471A00CB6FFE /* PBXTargetDependency */ = {
			isa = PBXTargetDependency;
			target = 4822014022982175003319F0 /* Template */;
			targetProxy = 488240842349471A00CB6FFE /* PBXContainerItemProxy */;
		};
		4882408C2349471A00CB6FFE /* PBXTargetDependency */ = {
			isa = PBXTargetDependency;
			target = 488240772349471A00CB6FFE /* Localization */;
			targetProxy = 4882408B2349471A00CB6FFE /* PBXContainerItemProxy */;
		};
		488240A62349493200CB6FFE /* PBXTargetDependency */ = {
			isa = PBXTargetDependency;
			target = 482201A722982422003319F0 /* System */;
			targetProxy = 488240A52349493200CB6FFE /* PBXContainerItemProxy */;
		};
/* End PBXTargetDependency section */

/* Begin XCBuildConfiguration section */
		480E5648229BF2B40031BDF7 /* Debug */ = {
			isa = XCBuildConfiguration;
			buildSettings = {
				CODE_SIGN_IDENTITY = "";
				CODE_SIGN_STYLE = Automatic;
				CURRENT_PROJECT_VERSION = 1;
				DEFINES_MODULE = YES;
				DYLIB_COMPATIBILITY_VERSION = 1;
				DYLIB_CURRENT_VERSION = 1;
				DYLIB_INSTALL_NAME_BASE = "@rpath";
				INFOPLIST_FILE = Networking/Info.plist;
				INSTALL_PATH = "$(LOCAL_LIBRARY_DIR)/Frameworks";
				LD_RUNPATH_SEARCH_PATHS = (
					"$(inherited)",
					"@executable_path/Frameworks",
					"@loader_path/Frameworks",
				);
				PRODUCT_BUNDLE_IDENTIFIER = com.bundle.Networking;
				PRODUCT_NAME = "$(TARGET_NAME:c99extidentifier)";
				SKIP_INSTALL = YES;
				SWIFT_VERSION = 5.0;
				TARGETED_DEVICE_FAMILY = "1,2";
				VERSIONING_SYSTEM = "apple-generic";
				VERSION_INFO_PREFIX = "";
			};
			name = Debug;
		};
		480E5649229BF2B40031BDF7 /* Staging */ = {
			isa = XCBuildConfiguration;
			buildSettings = {
				CODE_SIGN_IDENTITY = "";
				CODE_SIGN_STYLE = Automatic;
				CURRENT_PROJECT_VERSION = 1;
				DEFINES_MODULE = YES;
				DYLIB_COMPATIBILITY_VERSION = 1;
				DYLIB_CURRENT_VERSION = 1;
				DYLIB_INSTALL_NAME_BASE = "@rpath";
				INFOPLIST_FILE = Networking/Info.plist;
				INSTALL_PATH = "$(LOCAL_LIBRARY_DIR)/Frameworks";
				LD_RUNPATH_SEARCH_PATHS = (
					"$(inherited)",
					"@executable_path/Frameworks",
					"@loader_path/Frameworks",
				);
				PRODUCT_BUNDLE_IDENTIFIER = com.bundle.Networking;
				PRODUCT_NAME = "$(TARGET_NAME:c99extidentifier)";
				SKIP_INSTALL = YES;
				SWIFT_VERSION = 5.0;
				TARGETED_DEVICE_FAMILY = "1,2";
				VERSIONING_SYSTEM = "apple-generic";
				VERSION_INFO_PREFIX = "";
			};
			name = Staging;
		};
		480E564A229BF2B40031BDF7 /* Release */ = {
			isa = XCBuildConfiguration;
			buildSettings = {
				CODE_SIGN_IDENTITY = "";
				CODE_SIGN_STYLE = Automatic;
				CURRENT_PROJECT_VERSION = 1;
				DEFINES_MODULE = YES;
				DYLIB_COMPATIBILITY_VERSION = 1;
				DYLIB_CURRENT_VERSION = 1;
				DYLIB_INSTALL_NAME_BASE = "@rpath";
				INFOPLIST_FILE = Networking/Info.plist;
				INSTALL_PATH = "$(LOCAL_LIBRARY_DIR)/Frameworks";
				LD_RUNPATH_SEARCH_PATHS = (
					"$(inherited)",
					"@executable_path/Frameworks",
					"@loader_path/Frameworks",
				);
				PRODUCT_BUNDLE_IDENTIFIER = com.bundle.Networking;
				PRODUCT_NAME = "$(TARGET_NAME:c99extidentifier)";
				SKIP_INSTALL = YES;
				SWIFT_VERSION = 5.0;
				TARGETED_DEVICE_FAMILY = "1,2";
				VERSIONING_SYSTEM = "apple-generic";
				VERSION_INFO_PREFIX = "";
			};
			name = Release;
		};
		480E564C229BF2B40031BDF7 /* Debug */ = {
			isa = XCBuildConfiguration;
			buildSettings = {
				ALWAYS_EMBED_SWIFT_STANDARD_LIBRARIES = YES;
				CODE_SIGN_STYLE = Automatic;
				INFOPLIST_FILE = NetworkingTests/Info.plist;
				LD_RUNPATH_SEARCH_PATHS = (
					"$(inherited)",
					"@executable_path/Frameworks",
					"@loader_path/Frameworks",
				);
				PRODUCT_BUNDLE_IDENTIFIER = com.bundle.NetworkingTests;
				PRODUCT_NAME = "$(TARGET_NAME)";
				SWIFT_VERSION = 5.0;
				TARGETED_DEVICE_FAMILY = "1,2";
				TEST_HOST = "$(BUILT_PRODUCTS_DIR)/Template.app/Template";
			};
			name = Debug;
		};
		480E564D229BF2B40031BDF7 /* Staging */ = {
			isa = XCBuildConfiguration;
			buildSettings = {
				ALWAYS_EMBED_SWIFT_STANDARD_LIBRARIES = YES;
				CODE_SIGN_STYLE = Automatic;
				INFOPLIST_FILE = NetworkingTests/Info.plist;
				LD_RUNPATH_SEARCH_PATHS = (
					"$(inherited)",
					"@executable_path/Frameworks",
					"@loader_path/Frameworks",
				);
				PRODUCT_BUNDLE_IDENTIFIER = com.bundle.NetworkingTests;
				PRODUCT_NAME = "$(TARGET_NAME)";
				SWIFT_VERSION = 5.0;
				TARGETED_DEVICE_FAMILY = "1,2";
				TEST_HOST = "$(BUILT_PRODUCTS_DIR)/Template.app/Template";
			};
			name = Staging;
		};
		480E564E229BF2B40031BDF7 /* Release */ = {
			isa = XCBuildConfiguration;
			buildSettings = {
				ALWAYS_EMBED_SWIFT_STANDARD_LIBRARIES = YES;
				CODE_SIGN_STYLE = Automatic;
				INFOPLIST_FILE = NetworkingTests/Info.plist;
				LD_RUNPATH_SEARCH_PATHS = (
					"$(inherited)",
					"@executable_path/Frameworks",
					"@loader_path/Frameworks",
				);
				PRODUCT_BUNDLE_IDENTIFIER = com.bundle.NetworkingTests;
				PRODUCT_NAME = "$(TARGET_NAME)";
				SWIFT_VERSION = 5.0;
				TARGETED_DEVICE_FAMILY = "1,2";
				TEST_HOST = "$(BUILT_PRODUCTS_DIR)/Template.app/Template";
			};
			name = Release;
		};
		4822015C22982175003319F0 /* Debug */ = {
			isa = XCBuildConfiguration;
			baseConfigurationReference = 4822016D2298225D003319F0 /* Default-debug.xcconfig */;
			buildSettings = {
				ALWAYS_SEARCH_USER_PATHS = NO;
				CLANG_ANALYZER_NONNULL = YES;
				CLANG_ANALYZER_NUMBER_OBJECT_CONVERSION = YES_AGGRESSIVE;
				CLANG_CXX_LANGUAGE_STANDARD = "gnu++14";
				CLANG_CXX_LIBRARY = "libc++";
				CLANG_ENABLE_MODULES = YES;
				CLANG_ENABLE_OBJC_ARC = YES;
				CLANG_ENABLE_OBJC_WEAK = YES;
				CLANG_WARN_BLOCK_CAPTURE_AUTORELEASING = YES;
				CLANG_WARN_BOOL_CONVERSION = YES;
				CLANG_WARN_COMMA = YES;
				CLANG_WARN_CONSTANT_CONVERSION = YES;
				CLANG_WARN_DEPRECATED_OBJC_IMPLEMENTATIONS = YES;
				CLANG_WARN_DIRECT_OBJC_ISA_USAGE = YES_ERROR;
				CLANG_WARN_DOCUMENTATION_COMMENTS = YES;
				CLANG_WARN_EMPTY_BODY = YES;
				CLANG_WARN_ENUM_CONVERSION = YES;
				CLANG_WARN_INFINITE_RECURSION = YES;
				CLANG_WARN_INT_CONVERSION = YES;
				CLANG_WARN_NON_LITERAL_NULL_CONVERSION = YES;
				CLANG_WARN_OBJC_IMPLICIT_RETAIN_SELF = YES;
				CLANG_WARN_OBJC_LITERAL_CONVERSION = YES;
				CLANG_WARN_OBJC_ROOT_CLASS = YES_ERROR;
				CLANG_WARN_RANGE_LOOP_ANALYSIS = YES;
				CLANG_WARN_STRICT_PROTOTYPES = YES;
				CLANG_WARN_SUSPICIOUS_MOVE = YES;
				CLANG_WARN_UNGUARDED_AVAILABILITY = YES_AGGRESSIVE;
				CLANG_WARN_UNREACHABLE_CODE = YES;
				CLANG_WARN__DUPLICATE_METHOD_MATCH = YES;
				CODE_SIGN_IDENTITY = "iPhone Developer";
				COPY_PHASE_STRIP = NO;
				DEBUG_INFORMATION_FORMAT = dwarf;
				ENABLE_STRICT_OBJC_MSGSEND = YES;
				ENABLE_TESTABILITY = YES;
				GCC_C_LANGUAGE_STANDARD = gnu11;
				GCC_DYNAMIC_NO_PIC = NO;
				GCC_NO_COMMON_BLOCKS = YES;
				GCC_OPTIMIZATION_LEVEL = 0;
				GCC_PREPROCESSOR_DEFINITIONS = (
					"DEBUG=1",
					"$(inherited)",
				);
				GCC_WARN_64_TO_32_BIT_CONVERSION = YES;
				GCC_WARN_ABOUT_RETURN_TYPE = YES_ERROR;
				GCC_WARN_UNDECLARED_SELECTOR = YES;
				GCC_WARN_UNINITIALIZED_AUTOS = YES_AGGRESSIVE;
				GCC_WARN_UNUSED_FUNCTION = YES;
				GCC_WARN_UNUSED_VARIABLE = YES;
				IPHONEOS_DEPLOYMENT_TARGET = 12.2;
				MTL_ENABLE_DEBUG_INFO = INCLUDE_SOURCE;
				MTL_FAST_MATH = YES;
				ONLY_ACTIVE_ARCH = YES;
				SDKROOT = iphoneos;
				SWIFT_ACTIVE_COMPILATION_CONDITIONS = DEBUG;
				SWIFT_OPTIMIZATION_LEVEL = "-Onone";
			};
			name = Debug;
		};
		4822015F22982175003319F0 /* Debug */ = {
			isa = XCBuildConfiguration;
			buildSettings = {
				ALWAYS_EMBED_SWIFT_STANDARD_LIBRARIES = YES;
				ASSETCATALOG_COMPILER_APPICON_NAME = AppIcon;
				CODE_SIGN_STYLE = Automatic;
				INFOPLIST_FILE = "$(SRCROOT)/Template/Resources/Other/Info.plist";
				LD_RUNPATH_SEARCH_PATHS = (
					"$(inherited)",
					"@executable_path/Frameworks",
				);
				PRODUCT_BUNDLE_IDENTIFIER = com.bundle.Template;
				PRODUCT_NAME = "$(TARGET_NAME)";
				SWIFT_VERSION = 5.0;
				TARGETED_DEVICE_FAMILY = "1,2";
			};
			name = Debug;
		};
		4822016222982175003319F0 /* Debug */ = {
			isa = XCBuildConfiguration;
			buildSettings = {
				ALWAYS_EMBED_SWIFT_STANDARD_LIBRARIES = YES;
				BUNDLE_LOADER = "$(TEST_HOST)";
				CODE_SIGN_STYLE = Automatic;
				INFOPLIST_FILE = TemplateTests/Info.plist;
				LD_RUNPATH_SEARCH_PATHS = (
					"$(inherited)",
					"@executable_path/Frameworks",
					"@loader_path/Frameworks",
				);
				PRODUCT_BUNDLE_IDENTIFIER = com.bundle.TemplateTests;
				PRODUCT_NAME = "$(TARGET_NAME)";
				SWIFT_VERSION = 5.0;
				TARGETED_DEVICE_FAMILY = "1,2";
				TEST_HOST = "$(BUILT_PRODUCTS_DIR)/Template.app/Template";
			};
			name = Debug;
		};
		48220171229822C2003319F0 /* Staging */ = {
			isa = XCBuildConfiguration;
			baseConfigurationReference = 4822016C2298225D003319F0 /* Default-staging.xcconfig */;
			buildSettings = {
				ALWAYS_SEARCH_USER_PATHS = NO;
				CLANG_ANALYZER_NONNULL = YES;
				CLANG_ANALYZER_NUMBER_OBJECT_CONVERSION = YES_AGGRESSIVE;
				CLANG_CXX_LANGUAGE_STANDARD = "gnu++14";
				CLANG_CXX_LIBRARY = "libc++";
				CLANG_ENABLE_MODULES = YES;
				CLANG_ENABLE_OBJC_ARC = YES;
				CLANG_ENABLE_OBJC_WEAK = YES;
				CLANG_WARN_BLOCK_CAPTURE_AUTORELEASING = YES;
				CLANG_WARN_BOOL_CONVERSION = YES;
				CLANG_WARN_COMMA = YES;
				CLANG_WARN_CONSTANT_CONVERSION = YES;
				CLANG_WARN_DEPRECATED_OBJC_IMPLEMENTATIONS = YES;
				CLANG_WARN_DIRECT_OBJC_ISA_USAGE = YES_ERROR;
				CLANG_WARN_DOCUMENTATION_COMMENTS = YES;
				CLANG_WARN_EMPTY_BODY = YES;
				CLANG_WARN_ENUM_CONVERSION = YES;
				CLANG_WARN_INFINITE_RECURSION = YES;
				CLANG_WARN_INT_CONVERSION = YES;
				CLANG_WARN_NON_LITERAL_NULL_CONVERSION = YES;
				CLANG_WARN_OBJC_IMPLICIT_RETAIN_SELF = YES;
				CLANG_WARN_OBJC_LITERAL_CONVERSION = YES;
				CLANG_WARN_OBJC_ROOT_CLASS = YES_ERROR;
				CLANG_WARN_RANGE_LOOP_ANALYSIS = YES;
				CLANG_WARN_STRICT_PROTOTYPES = YES;
				CLANG_WARN_SUSPICIOUS_MOVE = YES;
				CLANG_WARN_UNGUARDED_AVAILABILITY = YES_AGGRESSIVE;
				CLANG_WARN_UNREACHABLE_CODE = YES;
				CLANG_WARN__DUPLICATE_METHOD_MATCH = YES;
				CODE_SIGN_IDENTITY = "iPhone Developer";
				COPY_PHASE_STRIP = NO;
				DEBUG_INFORMATION_FORMAT = "dwarf-with-dsym";
				ENABLE_NS_ASSERTIONS = NO;
				ENABLE_STRICT_OBJC_MSGSEND = YES;
				GCC_C_LANGUAGE_STANDARD = gnu11;
				GCC_NO_COMMON_BLOCKS = YES;
				GCC_WARN_64_TO_32_BIT_CONVERSION = YES;
				GCC_WARN_ABOUT_RETURN_TYPE = YES_ERROR;
				GCC_WARN_UNDECLARED_SELECTOR = YES;
				GCC_WARN_UNINITIALIZED_AUTOS = YES_AGGRESSIVE;
				GCC_WARN_UNUSED_FUNCTION = YES;
				GCC_WARN_UNUSED_VARIABLE = YES;
				IPHONEOS_DEPLOYMENT_TARGET = 12.2;
				MTL_ENABLE_DEBUG_INFO = NO;
				MTL_FAST_MATH = YES;
				SDKROOT = iphoneos;
				SWIFT_COMPILATION_MODE = wholemodule;
				SWIFT_OPTIMIZATION_LEVEL = "-O";
				VALIDATE_PRODUCT = YES;
			};
			name = Staging;
		};
		48220172229822C2003319F0 /* Staging */ = {
			isa = XCBuildConfiguration;
			buildSettings = {
				ALWAYS_EMBED_SWIFT_STANDARD_LIBRARIES = YES;
				ASSETCATALOG_COMPILER_APPICON_NAME = AppIcon;
				CODE_SIGN_STYLE = Automatic;
				INFOPLIST_FILE = "$(SRCROOT)/Template/Resources/Other/Info.plist";
				LD_RUNPATH_SEARCH_PATHS = (
					"$(inherited)",
					"@executable_path/Frameworks",
				);
				PRODUCT_BUNDLE_IDENTIFIER = com.bundle.Template;
				PRODUCT_NAME = "$(TARGET_NAME)";
				SWIFT_VERSION = 5.0;
				TARGETED_DEVICE_FAMILY = "1,2";
			};
			name = Staging;
		};
		48220173229822C2003319F0 /* Staging */ = {
			isa = XCBuildConfiguration;
			buildSettings = {
				ALWAYS_EMBED_SWIFT_STANDARD_LIBRARIES = YES;
				BUNDLE_LOADER = "$(TEST_HOST)";
				CODE_SIGN_STYLE = Automatic;
				INFOPLIST_FILE = TemplateTests/Info.plist;
				LD_RUNPATH_SEARCH_PATHS = (
					"$(inherited)",
					"@executable_path/Frameworks",
					"@loader_path/Frameworks",
				);
				PRODUCT_BUNDLE_IDENTIFIER = com.bundle.TemplateTests;
				PRODUCT_NAME = "$(TARGET_NAME)";
				SWIFT_VERSION = 5.0;
				TARGETED_DEVICE_FAMILY = "1,2";
				TEST_HOST = "$(BUILT_PRODUCTS_DIR)/Template.app/Template";
			};
			name = Staging;
		};
		4822017A229822E7003319F0 /* Release */ = {
			isa = XCBuildConfiguration;
			baseConfigurationReference = 4822016B2298225D003319F0 /* Default-release.xcconfig */;
			buildSettings = {
				ALWAYS_SEARCH_USER_PATHS = NO;
				CLANG_ANALYZER_NONNULL = YES;
				CLANG_ANALYZER_NUMBER_OBJECT_CONVERSION = YES_AGGRESSIVE;
				CLANG_CXX_LANGUAGE_STANDARD = "gnu++14";
				CLANG_CXX_LIBRARY = "libc++";
				CLANG_ENABLE_MODULES = YES;
				CLANG_ENABLE_OBJC_ARC = YES;
				CLANG_ENABLE_OBJC_WEAK = YES;
				CLANG_WARN_BLOCK_CAPTURE_AUTORELEASING = YES;
				CLANG_WARN_BOOL_CONVERSION = YES;
				CLANG_WARN_COMMA = YES;
				CLANG_WARN_CONSTANT_CONVERSION = YES;
				CLANG_WARN_DEPRECATED_OBJC_IMPLEMENTATIONS = YES;
				CLANG_WARN_DIRECT_OBJC_ISA_USAGE = YES_ERROR;
				CLANG_WARN_DOCUMENTATION_COMMENTS = YES;
				CLANG_WARN_EMPTY_BODY = YES;
				CLANG_WARN_ENUM_CONVERSION = YES;
				CLANG_WARN_INFINITE_RECURSION = YES;
				CLANG_WARN_INT_CONVERSION = YES;
				CLANG_WARN_NON_LITERAL_NULL_CONVERSION = YES;
				CLANG_WARN_OBJC_IMPLICIT_RETAIN_SELF = YES;
				CLANG_WARN_OBJC_LITERAL_CONVERSION = YES;
				CLANG_WARN_OBJC_ROOT_CLASS = YES_ERROR;
				CLANG_WARN_RANGE_LOOP_ANALYSIS = YES;
				CLANG_WARN_STRICT_PROTOTYPES = YES;
				CLANG_WARN_SUSPICIOUS_MOVE = YES;
				CLANG_WARN_UNGUARDED_AVAILABILITY = YES_AGGRESSIVE;
				CLANG_WARN_UNREACHABLE_CODE = YES;
				CLANG_WARN__DUPLICATE_METHOD_MATCH = YES;
				CODE_SIGN_IDENTITY = "iPhone Developer";
				COPY_PHASE_STRIP = NO;
				DEBUG_INFORMATION_FORMAT = "dwarf-with-dsym";
				ENABLE_NS_ASSERTIONS = NO;
				ENABLE_STRICT_OBJC_MSGSEND = YES;
				GCC_C_LANGUAGE_STANDARD = gnu11;
				GCC_NO_COMMON_BLOCKS = YES;
				GCC_WARN_64_TO_32_BIT_CONVERSION = YES;
				GCC_WARN_ABOUT_RETURN_TYPE = YES_ERROR;
				GCC_WARN_UNDECLARED_SELECTOR = YES;
				GCC_WARN_UNINITIALIZED_AUTOS = YES_AGGRESSIVE;
				GCC_WARN_UNUSED_FUNCTION = YES;
				GCC_WARN_UNUSED_VARIABLE = YES;
				IPHONEOS_DEPLOYMENT_TARGET = 12.2;
				MTL_ENABLE_DEBUG_INFO = NO;
				MTL_FAST_MATH = YES;
				SDKROOT = iphoneos;
				SWIFT_COMPILATION_MODE = wholemodule;
				SWIFT_OPTIMIZATION_LEVEL = "-O";
				VALIDATE_PRODUCT = YES;
			};
			name = Release;
		};
		4822017B229822E7003319F0 /* Release */ = {
			isa = XCBuildConfiguration;
			buildSettings = {
				ALWAYS_EMBED_SWIFT_STANDARD_LIBRARIES = YES;
				ASSETCATALOG_COMPILER_APPICON_NAME = AppIcon;
				CODE_SIGN_STYLE = Automatic;
				INFOPLIST_FILE = "$(SRCROOT)/Template/Resources/Other/Info.plist";
				LD_RUNPATH_SEARCH_PATHS = (
					"$(inherited)",
					"@executable_path/Frameworks",
				);
				PRODUCT_BUNDLE_IDENTIFIER = com.bundle.Template;
				PRODUCT_NAME = "$(TARGET_NAME)";
				SWIFT_VERSION = 5.0;
				TARGETED_DEVICE_FAMILY = "1,2";
			};
			name = Release;
		};
		4822017C229822E7003319F0 /* Release */ = {
			isa = XCBuildConfiguration;
			buildSettings = {
				ALWAYS_EMBED_SWIFT_STANDARD_LIBRARIES = YES;
				BUNDLE_LOADER = "$(TEST_HOST)";
				CODE_SIGN_STYLE = Automatic;
				INFOPLIST_FILE = TemplateTests/Info.plist;
				LD_RUNPATH_SEARCH_PATHS = (
					"$(inherited)",
					"@executable_path/Frameworks",
					"@loader_path/Frameworks",
				);
				PRODUCT_BUNDLE_IDENTIFIER = com.bundle.TemplateTests;
				PRODUCT_NAME = "$(TARGET_NAME)";
				SWIFT_VERSION = 5.0;
				TARGETED_DEVICE_FAMILY = "1,2";
				TEST_HOST = "$(BUILT_PRODUCTS_DIR)/Template.app/Template";
			};
			name = Release;
		};
		4822019B22982414003319F0 /* Debug */ = {
			isa = XCBuildConfiguration;
			buildSettings = {
				CLANG_ENABLE_MODULES = YES;
				CODE_SIGN_IDENTITY = "";
				CODE_SIGN_STYLE = Automatic;
				CURRENT_PROJECT_VERSION = 1;
				DEFINES_MODULE = YES;
				DYLIB_COMPATIBILITY_VERSION = 1;
				DYLIB_CURRENT_VERSION = 1;
				DYLIB_INSTALL_NAME_BASE = "@rpath";
				INFOPLIST_FILE = Model/Info.plist;
				INSTALL_PATH = "$(LOCAL_LIBRARY_DIR)/Frameworks";
				LD_RUNPATH_SEARCH_PATHS = (
					"$(inherited)",
					"@executable_path/Frameworks",
					"@loader_path/Frameworks",
				);
				PRODUCT_BUNDLE_IDENTIFIER = com.bundle.Model;
				PRODUCT_NAME = "$(TARGET_NAME:c99extidentifier)";
				SKIP_INSTALL = YES;
				SWIFT_OPTIMIZATION_LEVEL = "-Onone";
				SWIFT_VERSION = 5.0;
				TARGETED_DEVICE_FAMILY = "1,2";
				VERSIONING_SYSTEM = "apple-generic";
				VERSION_INFO_PREFIX = "";
			};
			name = Debug;
		};
		4822019C22982414003319F0 /* Staging */ = {
			isa = XCBuildConfiguration;
			buildSettings = {
				CLANG_ENABLE_MODULES = YES;
				CODE_SIGN_IDENTITY = "";
				CODE_SIGN_STYLE = Automatic;
				CURRENT_PROJECT_VERSION = 1;
				DEFINES_MODULE = YES;
				DYLIB_COMPATIBILITY_VERSION = 1;
				DYLIB_CURRENT_VERSION = 1;
				DYLIB_INSTALL_NAME_BASE = "@rpath";
				INFOPLIST_FILE = Model/Info.plist;
				INSTALL_PATH = "$(LOCAL_LIBRARY_DIR)/Frameworks";
				LD_RUNPATH_SEARCH_PATHS = (
					"$(inherited)",
					"@executable_path/Frameworks",
					"@loader_path/Frameworks",
				);
				PRODUCT_BUNDLE_IDENTIFIER = com.bundle.Model;
				PRODUCT_NAME = "$(TARGET_NAME:c99extidentifier)";
				SKIP_INSTALL = YES;
				SWIFT_VERSION = 5.0;
				TARGETED_DEVICE_FAMILY = "1,2";
				VERSIONING_SYSTEM = "apple-generic";
				VERSION_INFO_PREFIX = "";
			};
			name = Staging;
		};
		4822019D22982414003319F0 /* Release */ = {
			isa = XCBuildConfiguration;
			buildSettings = {
				CLANG_ENABLE_MODULES = YES;
				CODE_SIGN_IDENTITY = "";
				CODE_SIGN_STYLE = Automatic;
				CURRENT_PROJECT_VERSION = 1;
				DEFINES_MODULE = YES;
				DYLIB_COMPATIBILITY_VERSION = 1;
				DYLIB_CURRENT_VERSION = 1;
				DYLIB_INSTALL_NAME_BASE = "@rpath";
				INFOPLIST_FILE = Model/Info.plist;
				INSTALL_PATH = "$(LOCAL_LIBRARY_DIR)/Frameworks";
				LD_RUNPATH_SEARCH_PATHS = (
					"$(inherited)",
					"@executable_path/Frameworks",
					"@loader_path/Frameworks",
				);
				PRODUCT_BUNDLE_IDENTIFIER = com.bundle.Model;
				PRODUCT_NAME = "$(TARGET_NAME:c99extidentifier)";
				SKIP_INSTALL = YES;
				SWIFT_VERSION = 5.0;
				TARGETED_DEVICE_FAMILY = "1,2";
				VERSIONING_SYSTEM = "apple-generic";
				VERSION_INFO_PREFIX = "";
			};
			name = Release;
		};
		482201A022982414003319F0 /* Debug */ = {
			isa = XCBuildConfiguration;
			buildSettings = {
				CODE_SIGN_STYLE = Automatic;
				INFOPLIST_FILE = ModelTests/Info.plist;
				LD_RUNPATH_SEARCH_PATHS = (
					"$(inherited)",
					"@executable_path/Frameworks",
					"@loader_path/Frameworks",
				);
				PRODUCT_BUNDLE_IDENTIFIER = com.bundle.ModelTests;
				PRODUCT_NAME = "$(TARGET_NAME)";
				SWIFT_VERSION = 5.0;
				TARGETED_DEVICE_FAMILY = "1,2";
				TEST_HOST = "$(BUILT_PRODUCTS_DIR)/Template.app/Template";
			};
			name = Debug;
		};
		482201A122982414003319F0 /* Staging */ = {
			isa = XCBuildConfiguration;
			buildSettings = {
				CODE_SIGN_STYLE = Automatic;
				INFOPLIST_FILE = ModelTests/Info.plist;
				LD_RUNPATH_SEARCH_PATHS = (
					"$(inherited)",
					"@executable_path/Frameworks",
					"@loader_path/Frameworks",
				);
				PRODUCT_BUNDLE_IDENTIFIER = com.bundle.ModelTests;
				PRODUCT_NAME = "$(TARGET_NAME)";
				SWIFT_VERSION = 5.0;
				TARGETED_DEVICE_FAMILY = "1,2";
				TEST_HOST = "$(BUILT_PRODUCTS_DIR)/Template.app/Template";
			};
			name = Staging;
		};
		482201A222982414003319F0 /* Release */ = {
			isa = XCBuildConfiguration;
			buildSettings = {
				CODE_SIGN_STYLE = Automatic;
				INFOPLIST_FILE = ModelTests/Info.plist;
				LD_RUNPATH_SEARCH_PATHS = (
					"$(inherited)",
					"@executable_path/Frameworks",
					"@loader_path/Frameworks",
				);
				PRODUCT_BUNDLE_IDENTIFIER = com.bundle.ModelTests;
				PRODUCT_NAME = "$(TARGET_NAME)";
				SWIFT_VERSION = 5.0;
				TARGETED_DEVICE_FAMILY = "1,2";
				TEST_HOST = "$(BUILT_PRODUCTS_DIR)/Template.app/Template";
			};
			name = Release;
		};
		482201C022982422003319F0 /* Debug */ = {
			isa = XCBuildConfiguration;
			buildSettings = {
				CLANG_ENABLE_MODULES = YES;
				CODE_SIGN_IDENTITY = "";
				CODE_SIGN_STYLE = Automatic;
				CURRENT_PROJECT_VERSION = 1;
				DEFINES_MODULE = YES;
				DERIVE_MACCATALYST_PRODUCT_BUNDLE_IDENTIFIER = NO;
				DYLIB_COMPATIBILITY_VERSION = 1;
				DYLIB_CURRENT_VERSION = 1;
				DYLIB_INSTALL_NAME_BASE = "@rpath";
				INFOPLIST_FILE = System/Info.plist;
				INSTALL_PATH = "$(LOCAL_LIBRARY_DIR)/Frameworks";
				LD_RUNPATH_SEARCH_PATHS = (
					"$(inherited)",
					"@executable_path/Frameworks",
					"@loader_path/Frameworks",
				);
				PRODUCT_BUNDLE_IDENTIFIER = com.bundle.System;
				PRODUCT_NAME = "$(TARGET_NAME:c99extidentifier)";
				SKIP_INSTALL = YES;
				SUPPORTS_MACCATALYST = NO;
				SWIFT_OPTIMIZATION_LEVEL = "-Onone";
				SWIFT_VERSION = 5.0;
				TARGETED_DEVICE_FAMILY = "1,2";
				VERSIONING_SYSTEM = "apple-generic";
				VERSION_INFO_PREFIX = "";
			};
			name = Debug;
		};
		482201C122982422003319F0 /* Staging */ = {
			isa = XCBuildConfiguration;
			buildSettings = {
				CLANG_ENABLE_MODULES = YES;
				CODE_SIGN_IDENTITY = "";
				CODE_SIGN_STYLE = Automatic;
				CURRENT_PROJECT_VERSION = 1;
				DEFINES_MODULE = YES;
				DERIVE_MACCATALYST_PRODUCT_BUNDLE_IDENTIFIER = NO;
				DYLIB_COMPATIBILITY_VERSION = 1;
				DYLIB_CURRENT_VERSION = 1;
				DYLIB_INSTALL_NAME_BASE = "@rpath";
				INFOPLIST_FILE = System/Info.plist;
				INSTALL_PATH = "$(LOCAL_LIBRARY_DIR)/Frameworks";
				LD_RUNPATH_SEARCH_PATHS = (
					"$(inherited)",
					"@executable_path/Frameworks",
					"@loader_path/Frameworks",
				);
				PRODUCT_BUNDLE_IDENTIFIER = com.bundle.System;
				PRODUCT_NAME = "$(TARGET_NAME:c99extidentifier)";
				SKIP_INSTALL = YES;
				SUPPORTS_MACCATALYST = NO;
				SWIFT_VERSION = 5.0;
				TARGETED_DEVICE_FAMILY = "1,2";
				VERSIONING_SYSTEM = "apple-generic";
				VERSION_INFO_PREFIX = "";
			};
			name = Staging;
		};
		482201C222982422003319F0 /* Release */ = {
			isa = XCBuildConfiguration;
			buildSettings = {
				CLANG_ENABLE_MODULES = YES;
				CODE_SIGN_IDENTITY = "";
				CODE_SIGN_STYLE = Automatic;
				CURRENT_PROJECT_VERSION = 1;
				DEFINES_MODULE = YES;
				DERIVE_MACCATALYST_PRODUCT_BUNDLE_IDENTIFIER = NO;
				DYLIB_COMPATIBILITY_VERSION = 1;
				DYLIB_CURRENT_VERSION = 1;
				DYLIB_INSTALL_NAME_BASE = "@rpath";
				INFOPLIST_FILE = System/Info.plist;
				INSTALL_PATH = "$(LOCAL_LIBRARY_DIR)/Frameworks";
				LD_RUNPATH_SEARCH_PATHS = (
					"$(inherited)",
					"@executable_path/Frameworks",
					"@loader_path/Frameworks",
				);
				PRODUCT_BUNDLE_IDENTIFIER = com.bundle.System;
				PRODUCT_NAME = "$(TARGET_NAME:c99extidentifier)";
				SKIP_INSTALL = YES;
				SUPPORTS_MACCATALYST = NO;
				SWIFT_VERSION = 5.0;
				TARGETED_DEVICE_FAMILY = "1,2";
				VERSIONING_SYSTEM = "apple-generic";
				VERSION_INFO_PREFIX = "";
			};
			name = Release;
		};
		482201C422982422003319F0 /* Debug */ = {
			isa = XCBuildConfiguration;
			buildSettings = {
				ALWAYS_EMBED_SWIFT_STANDARD_LIBRARIES = YES;
				CODE_SIGN_STYLE = Automatic;
				INFOPLIST_FILE = SystemTests/Info.plist;
				LD_RUNPATH_SEARCH_PATHS = (
					"$(inherited)",
					"@executable_path/Frameworks",
					"@loader_path/Frameworks",
				);
				PRODUCT_BUNDLE_IDENTIFIER = com.bundle.SystemTests;
				PRODUCT_NAME = "$(TARGET_NAME)";
				SWIFT_VERSION = 5.0;
				TARGETED_DEVICE_FAMILY = "1,2";
				TEST_HOST = "$(BUILT_PRODUCTS_DIR)/Template.app/Template";
			};
			name = Debug;
		};
		482201C522982422003319F0 /* Staging */ = {
			isa = XCBuildConfiguration;
			buildSettings = {
				ALWAYS_EMBED_SWIFT_STANDARD_LIBRARIES = YES;
				CODE_SIGN_STYLE = Automatic;
				INFOPLIST_FILE = SystemTests/Info.plist;
				LD_RUNPATH_SEARCH_PATHS = (
					"$(inherited)",
					"@executable_path/Frameworks",
					"@loader_path/Frameworks",
				);
				PRODUCT_BUNDLE_IDENTIFIER = com.bundle.SystemTests;
				PRODUCT_NAME = "$(TARGET_NAME)";
				SWIFT_VERSION = 5.0;
				TARGETED_DEVICE_FAMILY = "1,2";
				TEST_HOST = "$(BUILT_PRODUCTS_DIR)/Template.app/Template";
			};
			name = Staging;
		};
		482201C622982422003319F0 /* Release */ = {
			isa = XCBuildConfiguration;
			buildSettings = {
				ALWAYS_EMBED_SWIFT_STANDARD_LIBRARIES = YES;
				CODE_SIGN_STYLE = Automatic;
				INFOPLIST_FILE = SystemTests/Info.plist;
				LD_RUNPATH_SEARCH_PATHS = (
					"$(inherited)",
					"@executable_path/Frameworks",
					"@loader_path/Frameworks",
				);
				PRODUCT_BUNDLE_IDENTIFIER = com.bundle.SystemTests;
				PRODUCT_NAME = "$(TARGET_NAME)";
				SWIFT_VERSION = 5.0;
				TARGETED_DEVICE_FAMILY = "1,2";
				TEST_HOST = "$(BUILT_PRODUCTS_DIR)/Template.app/Template";
			};
			name = Release;
		};
		488240902349471A00CB6FFE /* Debug */ = {
			isa = XCBuildConfiguration;
			buildSettings = {
				CLANG_ENABLE_MODULES = YES;
				CODE_SIGN_STYLE = Automatic;
				CURRENT_PROJECT_VERSION = 1;
				DEFINES_MODULE = YES;
				DYLIB_COMPATIBILITY_VERSION = 1;
				DYLIB_CURRENT_VERSION = 1;
				DYLIB_INSTALL_NAME_BASE = "@rpath";
				INFOPLIST_FILE = Localization/Info.plist;
				INSTALL_PATH = "$(LOCAL_LIBRARY_DIR)/Frameworks";
				IPHONEOS_DEPLOYMENT_TARGET = 12.2;
				LD_RUNPATH_SEARCH_PATHS = (
					"$(inherited)",
					"@executable_path/Frameworks",
					"@loader_path/Frameworks",
				);
				PRODUCT_BUNDLE_IDENTIFIER = com.bundle.Localization;
				PRODUCT_NAME = "$(TARGET_NAME:c99extidentifier)";
				SKIP_INSTALL = YES;
				SWIFT_OPTIMIZATION_LEVEL = "-Onone";
				SWIFT_VERSION = 5.0;
				TARGETED_DEVICE_FAMILY = "1,2";
				VERSIONING_SYSTEM = "apple-generic";
				VERSION_INFO_PREFIX = "";
			};
			name = Debug;
		};
		488240912349471A00CB6FFE /* Staging */ = {
			isa = XCBuildConfiguration;
			buildSettings = {
				CLANG_ENABLE_MODULES = YES;
				CODE_SIGN_STYLE = Automatic;
				CURRENT_PROJECT_VERSION = 1;
				DEFINES_MODULE = YES;
				DYLIB_COMPATIBILITY_VERSION = 1;
				DYLIB_CURRENT_VERSION = 1;
				DYLIB_INSTALL_NAME_BASE = "@rpath";
				INFOPLIST_FILE = Localization/Info.plist;
				INSTALL_PATH = "$(LOCAL_LIBRARY_DIR)/Frameworks";
				IPHONEOS_DEPLOYMENT_TARGET = 12.2;
				LD_RUNPATH_SEARCH_PATHS = (
					"$(inherited)",
					"@executable_path/Frameworks",
					"@loader_path/Frameworks",
				);
				PRODUCT_BUNDLE_IDENTIFIER = com.bundle.Localization;
				PRODUCT_NAME = "$(TARGET_NAME:c99extidentifier)";
				SKIP_INSTALL = YES;
				SWIFT_VERSION = 5.0;
				TARGETED_DEVICE_FAMILY = "1,2";
				VERSIONING_SYSTEM = "apple-generic";
				VERSION_INFO_PREFIX = "";
			};
			name = Staging;
		};
		488240922349471A00CB6FFE /* Release */ = {
			isa = XCBuildConfiguration;
			buildSettings = {
				CLANG_ENABLE_MODULES = YES;
				CODE_SIGN_STYLE = Automatic;
				CURRENT_PROJECT_VERSION = 1;
				DEFINES_MODULE = YES;
				DYLIB_COMPATIBILITY_VERSION = 1;
				DYLIB_CURRENT_VERSION = 1;
				DYLIB_INSTALL_NAME_BASE = "@rpath";
				INFOPLIST_FILE = Localization/Info.plist;
				INSTALL_PATH = "$(LOCAL_LIBRARY_DIR)/Frameworks";
				IPHONEOS_DEPLOYMENT_TARGET = 12.2;
				LD_RUNPATH_SEARCH_PATHS = (
					"$(inherited)",
					"@executable_path/Frameworks",
					"@loader_path/Frameworks",
				);
				PRODUCT_BUNDLE_IDENTIFIER = com.bundle.Localization;
				PRODUCT_NAME = "$(TARGET_NAME:c99extidentifier)";
				SKIP_INSTALL = YES;
				SWIFT_VERSION = 5.0;
				TARGETED_DEVICE_FAMILY = "1,2";
				VERSIONING_SYSTEM = "apple-generic";
				VERSION_INFO_PREFIX = "";
			};
			name = Release;
		};
		488240942349471A00CB6FFE /* Debug */ = {
			isa = XCBuildConfiguration;
			buildSettings = {
				ALWAYS_EMBED_SWIFT_STANDARD_LIBRARIES = YES;
				CODE_SIGN_STYLE = Automatic;
				INFOPLIST_FILE = LocalizationTests/Info.plist;
				IPHONEOS_DEPLOYMENT_TARGET = 13.0;
				LD_RUNPATH_SEARCH_PATHS = (
					"$(inherited)",
					"@executable_path/Frameworks",
					"@loader_path/Frameworks",
				);
				PRODUCT_BUNDLE_IDENTIFIER = com.bundle.LocalizationTests;
				PRODUCT_NAME = "$(TARGET_NAME)";
				SWIFT_VERSION = 5.0;
				TARGETED_DEVICE_FAMILY = "1,2";
				TEST_HOST = "$(BUILT_PRODUCTS_DIR)/Template.app/Template";
			};
			name = Debug;
		};
		488240952349471A00CB6FFE /* Staging */ = {
			isa = XCBuildConfiguration;
			buildSettings = {
				ALWAYS_EMBED_SWIFT_STANDARD_LIBRARIES = YES;
				CODE_SIGN_STYLE = Automatic;
				INFOPLIST_FILE = LocalizationTests/Info.plist;
				IPHONEOS_DEPLOYMENT_TARGET = 13.0;
				LD_RUNPATH_SEARCH_PATHS = (
					"$(inherited)",
					"@executable_path/Frameworks",
					"@loader_path/Frameworks",
				);
				PRODUCT_BUNDLE_IDENTIFIER = com.bundle.LocalizationTests;
				PRODUCT_NAME = "$(TARGET_NAME)";
				SWIFT_VERSION = 5.0;
				TARGETED_DEVICE_FAMILY = "1,2";
				TEST_HOST = "$(BUILT_PRODUCTS_DIR)/Template.app/Template";
			};
			name = Staging;
		};
		488240962349471A00CB6FFE /* Release */ = {
			isa = XCBuildConfiguration;
			buildSettings = {
				ALWAYS_EMBED_SWIFT_STANDARD_LIBRARIES = YES;
				CODE_SIGN_STYLE = Automatic;
				INFOPLIST_FILE = LocalizationTests/Info.plist;
				IPHONEOS_DEPLOYMENT_TARGET = 13.0;
				LD_RUNPATH_SEARCH_PATHS = (
					"$(inherited)",
					"@executable_path/Frameworks",
					"@loader_path/Frameworks",
				);
				PRODUCT_BUNDLE_IDENTIFIER = com.bundle.LocalizationTests;
				PRODUCT_NAME = "$(TARGET_NAME)";
				SWIFT_VERSION = 5.0;
				TARGETED_DEVICE_FAMILY = "1,2";
				TEST_HOST = "$(BUILT_PRODUCTS_DIR)/Template.app/Template";
			};
			name = Release;
		};
/* End XCBuildConfiguration section */

/* Begin XCConfigurationList section */
		480E5647229BF2B40031BDF7 /* Build configuration list for PBXNativeTarget "Networking" */ = {
			isa = XCConfigurationList;
			buildConfigurations = (
				480E5648229BF2B40031BDF7 /* Debug */,
				480E5649229BF2B40031BDF7 /* Staging */,
				480E564A229BF2B40031BDF7 /* Release */,
			);
			defaultConfigurationIsVisible = 0;
			defaultConfigurationName = Release;
		};
		480E564B229BF2B40031BDF7 /* Build configuration list for PBXNativeTarget "NetworkingTests" */ = {
			isa = XCConfigurationList;
			buildConfigurations = (
				480E564C229BF2B40031BDF7 /* Debug */,
				480E564D229BF2B40031BDF7 /* Staging */,
				480E564E229BF2B40031BDF7 /* Release */,
			);
			defaultConfigurationIsVisible = 0;
			defaultConfigurationName = Release;
		};
		4822013C22982175003319F0 /* Build configuration list for PBXProject "Template" */ = {
			isa = XCConfigurationList;
			buildConfigurations = (
				4822015C22982175003319F0 /* Debug */,
				48220171229822C2003319F0 /* Staging */,
				4822017A229822E7003319F0 /* Release */,
			);
			defaultConfigurationIsVisible = 0;
			defaultConfigurationName = Release;
		};
		4822015E22982175003319F0 /* Build configuration list for PBXNativeTarget "Template" */ = {
			isa = XCConfigurationList;
			buildConfigurations = (
				4822015F22982175003319F0 /* Debug */,
				48220172229822C2003319F0 /* Staging */,
				4822017B229822E7003319F0 /* Release */,
			);
			defaultConfigurationIsVisible = 0;
			defaultConfigurationName = Release;
		};
		4822016122982175003319F0 /* Build configuration list for PBXNativeTarget "TemplateTests" */ = {
			isa = XCConfigurationList;
			buildConfigurations = (
				4822016222982175003319F0 /* Debug */,
				48220173229822C2003319F0 /* Staging */,
				4822017C229822E7003319F0 /* Release */,
			);
			defaultConfigurationIsVisible = 0;
			defaultConfigurationName = Release;
		};
		4822019A22982414003319F0 /* Build configuration list for PBXNativeTarget "Model" */ = {
			isa = XCConfigurationList;
			buildConfigurations = (
				4822019B22982414003319F0 /* Debug */,
				4822019C22982414003319F0 /* Staging */,
				4822019D22982414003319F0 /* Release */,
			);
			defaultConfigurationIsVisible = 0;
			defaultConfigurationName = Release;
		};
		4822019F22982414003319F0 /* Build configuration list for PBXNativeTarget "ModelTests" */ = {
			isa = XCConfigurationList;
			buildConfigurations = (
				482201A022982414003319F0 /* Debug */,
				482201A122982414003319F0 /* Staging */,
				482201A222982414003319F0 /* Release */,
			);
			defaultConfigurationIsVisible = 0;
			defaultConfigurationName = Release;
		};
		482201BF22982422003319F0 /* Build configuration list for PBXNativeTarget "System" */ = {
			isa = XCConfigurationList;
			buildConfigurations = (
				482201C022982422003319F0 /* Debug */,
				482201C122982422003319F0 /* Staging */,
				482201C222982422003319F0 /* Release */,
			);
			defaultConfigurationIsVisible = 0;
			defaultConfigurationName = Release;
		};
		482201C322982422003319F0 /* Build configuration list for PBXNativeTarget "SystemTests" */ = {
			isa = XCConfigurationList;
			buildConfigurations = (
				482201C422982422003319F0 /* Debug */,
				482201C522982422003319F0 /* Staging */,
				482201C622982422003319F0 /* Release */,
			);
			defaultConfigurationIsVisible = 0;
			defaultConfigurationName = Release;
		};
		4882408F2349471A00CB6FFE /* Build configuration list for PBXNativeTarget "Localization" */ = {
			isa = XCConfigurationList;
			buildConfigurations = (
				488240902349471A00CB6FFE /* Debug */,
				488240912349471A00CB6FFE /* Staging */,
				488240922349471A00CB6FFE /* Release */,
			);
			defaultConfigurationIsVisible = 0;
			defaultConfigurationName = Release;
		};
		488240932349471A00CB6FFE /* Build configuration list for PBXNativeTarget "LocalizationTests" */ = {
			isa = XCConfigurationList;
			buildConfigurations = (
				488240942349471A00CB6FFE /* Debug */,
				488240952349471A00CB6FFE /* Staging */,
				488240962349471A00CB6FFE /* Release */,
			);
			defaultConfigurationIsVisible = 0;
			defaultConfigurationName = Release;
		};
/* End XCConfigurationList section */
	};
	rootObject = 4822013922982175003319F0 /* Project object */;
}
